
Microsoft Visual Studio Solution File, Format Version 12.00
# Visual Studio Version 17
VisualStudioVersion = 17.4.33403.182
MinimumVisualStudioVersion = 10.0.40219.1
Project("{9A19103F-16F7-4668-BE54-9A1E7A4F7556}") = "Simple multiplication", "CodeWars-CSharp\Simple multiplication.csproj", "{0CD188ED-D5C5-4F1E-B5AF-3996366FEA74}"
EndProject
Project("{FAE04EC0-301F-11D3-BF4B-00C04F79EFBC}") = "Determine offspring sex based on genes XX and XY chromosomes", "Determine offspring sex based on genes XX and XY chromosomes\Determine offspring sex based on genes XX and XY chromosomes.csproj", "{C85E9659-58F7-438D-B2F1-4B60976AD6FF}"
EndProject
Global
	GlobalSection(SolutionConfigurationPlatforms) = preSolution
		Debug|Any CPU = Debug|Any CPU
		Release|Any CPU = Release|Any CPU
	EndGlobalSection
	GlobalSection(ProjectConfigurationPlatforms) = postSolution
		{0CD188ED-D5C5-4F1E-B5AF-3996366FEA74}.Debug|Any CPU.ActiveCfg = Debug|Any CPU
		{0CD188ED-D5C5-4F1E-B5AF-3996366FEA74}.Debug|Any CPU.Build.0 = Debug|Any CPU
		{0CD188ED-D5C5-4F1E-B5AF-3996366FEA74}.Release|Any CPU.ActiveCfg = Release|Any CPU
		{0CD188ED-D5C5-4F1E-B5AF-3996366FEA74}.Release|Any CPU.Build.0 = Release|Any CPU
		{C85E9659-58F7-438D-B2F1-4B60976AD6FF}.Debug|Any CPU.ActiveCfg = Debug|Any CPU
		{C85E9659-58F7-438D-B2F1-4B60976AD6FF}.Debug|Any CPU.Build.0 = Debug|Any CPU
		{C85E9659-58F7-438D-B2F1-4B60976AD6FF}.Release|Any CPU.ActiveCfg = Release|Any CPU
		{C85E9659-58F7-438D-B2F1-4B60976AD6FF}.Release|Any CPU.Build.0 = Release|Any CPU
	EndGlobalSection
	GlobalSection(SolutionProperties) = preSolution
		HideSolutionNode = FALSE
	EndGlobalSection
	GlobalSection(ExtensibilityGlobals) = postSolution
		SolutionGuid = {F369E5DA-EE44-438C-BA83-429788C9A088}
	EndGlobalSection
EndGlobal
