
Microsoft Visual Studio Solution File, Format Version 12.00
# Visual Studio Version 17
VisualStudioVersion = 17.4.33403.182
MinimumVisualStudioVersion = 10.0.40219.1
Project("{9A19103F-16F7-4668-BE54-9A1E7A4F7556}") = "Simple multiplication", "CodeWars-CSharp\Simple multiplication.csproj", "{0CD188ED-D5C5-4F1E-B5AF-3996366FEA74}"
EndProject
Project("{9A19103F-16F7-4668-BE54-9A1E7A4F7556}") = "Determine offspring sex based on genes XX and XY chromosomes", "Determine offspring sex based on genes XX and XY chromosomes\Determine offspring sex based on genes XX and XY chromosomes.csproj", "{C85E9659-58F7-438D-B2F1-4B60976AD6FF}"
EndProject
Project("{9A19103F-16F7-4668-BE54-9A1E7A4F7556}") = "Find Nearest square number", "Find Nearest square number\Find Nearest square number.csproj", "{7D8213A1-CC39-4B56-85DF-4E615CB507C3}"
EndProject
Project("{9A19103F-16F7-4668-BE54-9A1E7A4F7556}") = "Remove String Spaces", "Remove String Spaces\Remove String Spaces.csproj", "{65654CF5-50AF-4176-B07A-3365922E551F}"
EndProject
Project("{2150E333-8FDC-42A3-9474-1A3956D46DE8}") = "8KYU", "8KYU", "{A850A139-9651-4249-AF33-975C3B23D915}"
EndProject
Project("{9A19103F-16F7-4668-BE54-9A1E7A4F7556}") = "String repeat", "String repeat\String repeat.csproj", "{E2725018-BE1C-4CB6-9142-122B06A98C7D}"
EndProject
Project("{9A19103F-16F7-4668-BE54-9A1E7A4F7556}") = "Counting sheep", "Counting sheep\Counting sheep.csproj", "{3C340192-1F01-43C0-B968-B6C8A81A2191}"
EndProject
Project("{9A19103F-16F7-4668-BE54-9A1E7A4F7556}") = "All Star #18", "All Star #18\All Star #18.csproj", "{92EF36E8-FA3C-48DD-B448-058BBF941696}"
EndProject
Project("{9A19103F-16F7-4668-BE54-9A1E7A4F7556}") = "Exclusive Logical Operator", "Exclusive Logical Operator\Exclusive Logical Operator.csproj", "{80B0E5E4-49C5-4B25-8072-286C1FC5E1D0}"
EndProject
Project("{9A19103F-16F7-4668-BE54-9A1E7A4F7556}") = "Square(n) Sum", "Square(n) Sum\Square(n) Sum.csproj", "{E1BD0339-0085-4FAC-B667-4FF8BCC0C6E9}"
EndProject
Project("{9A19103F-16F7-4668-BE54-9A1E7A4F7556}") = "Century From Year", "Century From Year\Century From Year.csproj", "{F3B49FAF-A31F-4EAD-BB8F-B1760A65DB3C}"
EndProject
Project("{9A19103F-16F7-4668-BE54-9A1E7A4F7556}") = "Is n divisible by x and y", "Is n divisible by x and y\Is n divisible by x and y.csproj", "{988CFFEB-1223-4B26-B657-0B85D93BFF16}"
EndProject
Project("{9A19103F-16F7-4668-BE54-9A1E7A4F7556}") = "Reversed Strings", "Reversed Strings\Reversed Strings.csproj", "{03552D88-A458-4EE2-A907-E1D72CB87EE9}"
EndProject
Project("{9A19103F-16F7-4668-BE54-9A1E7A4F7556}") = "Convert a Boolean to a String", "Convert a Boolean to a String\Convert a Boolean to a String.csproj", "{C7B8B5FE-134B-49E9-A3C9-6E6FACD39473}"
EndProject
Project("{9A19103F-16F7-4668-BE54-9A1E7A4F7556}") = "Reversed Words", "Reversed Words\Reversed Words.csproj", "{D21DD7BE-2EFF-46D8-A48B-5616712A8C79}"
EndProject
Project("{9A19103F-16F7-4668-BE54-9A1E7A4F7556}") = "Add Length", "Add Length\Add Length.csproj", "{55E114DC-769B-4BFD-8C2D-96408394957C}"
EndProject
Project("{2150E333-8FDC-42A3-9474-1A3956D46DE8}") = "7KYU", "7KYU", "{7DCE8751-8E7A-4726-9A42-303C80B78549}"
EndProject
Project("{9A19103F-16F7-4668-BE54-9A1E7A4F7556}") = "Sort Numbers", "Sort Numbers\Sort Numbers.csproj", "{40C6A7E0-D508-411D-9B2F-DBED0B8AEB34}"
EndProject
Project("{9A19103F-16F7-4668-BE54-9A1E7A4F7556}") = "Cat Dog years", "Cat Dog years\Cat Dog years.csproj", "{E3C32589-595C-477C-922C-AC1A903668F6}"
EndProject
Project("{9A19103F-16F7-4668-BE54-9A1E7A4F7556}") = "Third Angle of a Triangle", "Third Angle of a Triangle\Third Angle of a Triangle.csproj", "{AE8D02C9-5C31-4A50-A1C3-EFAB77462913}"
EndProject
Project("{9A19103F-16F7-4668-BE54-9A1E7A4F7556}") = "Keep Hydrated!", "Keep Hydrated!\Keep Hydrated!.csproj", "{3F0C52B2-FC3A-48C0-8AC0-70F57026A37A}"
EndProject
Project("{9A19103F-16F7-4668-BE54-9A1E7A4F7556}") = "Sum without highest and lowest number", "Sum without highest and lowest number\Sum without highest and lowest number.csproj", "{4B1E4589-82A3-4507-892D-DBCAB86993C6}"
EndProject
Project("{9A19103F-16F7-4668-BE54-9A1E7A4F7556}") = "Convert a String to a Number", "Convert a String to a Number\Convert a String to a Number.csproj", "{677F9A46-9B7E-48D5-B2E6-B37A1C33E4C7}"
EndProject
Project("{9A19103F-16F7-4668-BE54-9A1E7A4F7556}") = "Powers of 2", "Powers of 2\Powers of 2.csproj", "{84CF7003-39E3-40CD-A448-313176F37DB5}"
EndProject
Project("{9A19103F-16F7-4668-BE54-9A1E7A4F7556}") = "Unfinished Loop", "Unfinished Loop\Unfinished Loop.csproj", "{CF26568C-08B4-4185-8A37-4C519458AD8C}"
EndProject
Project("{9A19103F-16F7-4668-BE54-9A1E7A4F7556}") = "Thinkful  Logic Drills Traffic light", "Thinkful  Logic Drills Traffic light\Thinkful  Logic Drills Traffic light.csproj", "{14DDE62D-FBA3-4A09-86D1-B339B433EA8A}"
EndProject
Project("{9A19103F-16F7-4668-BE54-9A1E7A4F7556}") = "My head is at the wrong end", "My head is at the wrong end\My head is at the wrong end.csproj", "{4EC183ED-FA01-4C92-95DD-4E528A001539}"
EndProject
Project("{9A19103F-16F7-4668-BE54-9A1E7A4F7556}") = "You Can't Code Under Pressure", "You Can't Code Under Pressure\You Can't Code Under Pressure.csproj", "{8E6B7D48-455A-4722-8871-521399E37826}"
EndProject
Project("{9A19103F-16F7-4668-BE54-9A1E7A4F7556}") = "Reverse List Order", "Reverse List Order\Reverse List Order.csproj", "{FEEF2874-E7EB-430C-ADB7-20B945B97333}"
EndProject
Project("{9A19103F-16F7-4668-BE54-9A1E7A4F7556}") = "Contamination #1 -String-", "Contamination #1 -String-\Contamination #1 -String-.csproj", "{DEE9E3D9-AC4E-4CBE-ACF4-F9CBAFB1D0CC}"
EndProject
Project("{9A19103F-16F7-4668-BE54-9A1E7A4F7556}") = "Beginner Series #2 Clock", "Beginner Series #2 Clock\Beginner Series #2 Clock.csproj", "{FCD15FD7-43C4-491D-A2A2-231F133CE746}"
EndProject
Project("{9A19103F-16F7-4668-BE54-9A1E7A4F7556}") = "The highest profit wins", "The highest profit wins\The highest profit wins.csproj", "{9FEF6DA7-EEAF-4A8F-A3C4-8CCF1B72FE96}"
EndProject
Project("{9A19103F-16F7-4668-BE54-9A1E7A4F7556}") = "Invert values", "Invert values\Invert values.csproj", "{882304EF-4639-4ADC-A1FA-B4709672C9D3}"
EndProject
Project("{9A19103F-16F7-4668-BE54-9A1E7A4F7556}") = "Name Shuffler", "Name Shuffler\Name Shuffler.csproj", "{4288CBF8-022A-4B85-8F55-D1E5401F1C58}"
EndProject
Project("{9A19103F-16F7-4668-BE54-9A1E7A4F7556}") = "Make a function that does arithmetic", "Make a function that does arithmetic\Make a function that does arithmetic.csproj", "{27B9ED61-7EFE-4CC4-85BC-0AFFC5853F2F}"
EndProject
Project("{9A19103F-16F7-4668-BE54-9A1E7A4F7556}") = "Grasshopper - Terminal game combat function", "Grasshopper - Terminal game combat function\Grasshopper - Terminal game combat function.csproj", "{4A64E183-3E47-4C92-B789-AFDBE002DFA3}"
EndProject
Project("{9A19103F-16F7-4668-BE54-9A1E7A4F7556}") = "The Feast of Many Beasts", "The Feast of Many Beasts\The Feast of Many Beasts.csproj", "{6A95778F-9E74-4A94-9BAA-E4DE1DE75089}"
EndProject
Project("{9A19103F-16F7-4668-BE54-9A1E7A4F7556}") = "Changing letters", "Changing letters\Changing letters.csproj", "{E1F144A7-E1DF-4F93-A175-A791F5FC2835}"
EndProject
Project("{9A19103F-16F7-4668-BE54-9A1E7A4F7556}") = "count sheep", "count sheep\count sheep.csproj", "{AEBF4FA3-E2E8-41BF-906E-2E29925D6560}"
EndProject
Project("{9A19103F-16F7-4668-BE54-9A1E7A4F7556}") = "Find the capitals", "Find the capitals\Find the capitals.csproj", "{6EB8F671-E4A0-454F-8327-BC9948A2D096}"
EndProject
Project("{9A19103F-16F7-4668-BE54-9A1E7A4F7556}") = "Remove First and Last Character", "Remove First and Last Character\Remove First and Last Character.csproj", "{1960E6AE-8E05-403B-BF49-EC4774FF60D3}"
EndProject
Project("{9A19103F-16F7-4668-BE54-9A1E7A4F7556}") = "Lario and Muigi Pipe Problem", "Lario and Muigi Pipe Problem\Lario and Muigi Pipe Problem.csproj", "{D019D26F-D9A5-4059-8457-EC0DB8B53F12}"
EndProject
Project("{9A19103F-16F7-4668-BE54-9A1E7A4F7556}") = "Miles per gallon to kilometers per liter", "Miles per gallon to kilometers per liter\Miles per gallon to kilometers per liter.csproj", "{8B68E740-DD99-45D4-A990-549F07B1F978}"
EndProject
Project("{9A19103F-16F7-4668-BE54-9A1E7A4F7556}") = "Did she say hallo", "Did she say hallo\Did she say hallo.csproj", "{E9A2C9F5-1856-4798-96F4-8E9BDCE4C7B6}"
EndProject
Project("{9A19103F-16F7-4668-BE54-9A1E7A4F7556}") = "Volume of a Cuboid", "Volume of a Cuboid\Volume of a Cuboid.csproj", "{0BB3A1E9-CC36-494F-8521-173B089D3B73}"
EndProject
Project("{9A19103F-16F7-4668-BE54-9A1E7A4F7556}") = "Reduce but Grow", "Reduce but Grow\Reduce but Grow.csproj", "{88CDB06F-76FE-41E5-9164-CE1DA97EED4B}"
EndProject
Project("{9A19103F-16F7-4668-BE54-9A1E7A4F7556}") = "Insert dashes", "Insert dashes\Insert dashes.csproj", "{D711DA73-2C19-43AA-BA44-F621CB0253A7}"
EndProject
Project("{9A19103F-16F7-4668-BE54-9A1E7A4F7556}") = "Two to One", "Two to One\Two to One.csproj", "{43D16544-8D52-437C-AF9D-FEF99D96D2C6}"
EndProject
Project("{9A19103F-16F7-4668-BE54-9A1E7A4F7556}") = "Will there be enough space", "Will there be enough space\Will there be enough space.csproj", "{626C04A6-D0C0-4311-9F6F-109728F856BE}"
EndProject
Project("{9A19103F-16F7-4668-BE54-9A1E7A4F7556}") = "Check the exam", "Check the exam\Check the exam.csproj", "{2C7E260B-74F4-47E7-B352-3D645560FE85}"
EndProject
Project("{9A19103F-16F7-4668-BE54-9A1E7A4F7556}") = "Easy wallpaper", "Easy wallpaper\Easy wallpaper.csproj", "{5F4746F9-65AC-4A0D-90D7-AAB1CCBA9CFE}"
EndProject
Project("{9A19103F-16F7-4668-BE54-9A1E7A4F7556}") = "Find Multiples of a Number", "Find Multiples of a Number\Find Multiples of a Number.csproj", "{429333B1-2FE3-4AAF-A3B4-4FC3C8606A47}"
EndProject
Project("{9A19103F-16F7-4668-BE54-9A1E7A4F7556}") = "Return Negative", "Return Negative\Return Negative.csproj", "{21AA5B00-CF99-4A8C-9B4B-E9F24629DF09}"
EndProject
Project("{9A19103F-16F7-4668-BE54-9A1E7A4F7556}") = "Isograms", "Isograms\Isograms.csproj", "{173144EC-07BC-4E58-9D18-8619DA59CAAE}"
EndProject
Project("{9A19103F-16F7-4668-BE54-9A1E7A4F7556}") = "Twice as old", "Twice as old\Twice as old.csproj", "{38350D5F-4B70-4814-8550-44AFD3CC3EB8}"
EndProject
Project("{9A19103F-16F7-4668-BE54-9A1E7A4F7556}") = "DNA to RNA Conversion", "DNA to RNA Conversion\DNA to RNA Conversion.csproj", "{6D20DBE5-75E6-4F6F-96DB-495C41794478}"
EndProject
Project("{9A19103F-16F7-4668-BE54-9A1E7A4F7556}") = "Take the Derivative", "Take the Derivative\Take the Derivative.csproj", "{0403E338-A9B2-41EB-824C-783AB1600479}"
EndProject
Project("{9A19103F-16F7-4668-BE54-9A1E7A4F7556}") = "The Coupon Code", "The Coupon Code\The Coupon Code.csproj", "{B4ECC012-89F4-410E-A8C7-10B0045713D8}"
EndProject
Project("{9A19103F-16F7-4668-BE54-9A1E7A4F7556}") = "Total amount of points", "Total amount of points\Total amount of points.csproj", "{DE5B3EE6-46A6-470D-B24B-308AE8BEA21A}"
EndProject
Project("{9A19103F-16F7-4668-BE54-9A1E7A4F7556}") = "Sum of two lowest positive integers", "Sum of two lowest positive integers\Sum of two lowest positive integers.csproj", "{8E7037E4-1E93-4C32-B8B3-5F4D504B0C7D}"
EndProject
Project("{9A19103F-16F7-4668-BE54-9A1E7A4F7556}") = "Bin to Decimal", "Bin to Decimal\Bin to Decimal.csproj", "{A24E9AB4-CFAF-44AE-B145-FA7E6948971B}"
EndProject
Project("{9A19103F-16F7-4668-BE54-9A1E7A4F7556}") = "Find the position", "Find the position\Find the position.csproj", "{760E953F-822D-4608-8D82-2133F15FC424}"
EndProject
Project("{9A19103F-16F7-4668-BE54-9A1E7A4F7556}") = "Disemvowel Trolls", "Disemvowel Trolls\Disemvowel Trolls.csproj", "{9CF764A4-BE98-4CB2-BEA0-B7358C7EA6B8}"
EndProject
Project("{9A19103F-16F7-4668-BE54-9A1E7A4F7556}") = "Find the first non-consecutive number", "Find the first non-consecutive number\Find the first non-consecutive number.csproj", "{16066908-4EBE-4D6A-B267-96CB8F1C2F68}"
EndProject
Project("{9A19103F-16F7-4668-BE54-9A1E7A4F7556}") = "Calculate average", "Calculate average\Calculate average.csproj", "{B55851E7-83E2-4136-9E93-A5D07AD60E9D}"
EndProject
Project("{9A19103F-16F7-4668-BE54-9A1E7A4F7556}") = "What is between", "What is between\What is between.csproj", "{11CAD3EA-F385-4838-97F1-D5FCA94474E7}"
EndProject
Project("{9A19103F-16F7-4668-BE54-9A1E7A4F7556}") = "Remove duplicates from list", "Remove duplicates from list\Remove duplicates from list.csproj", "{C8DB233A-8185-4DF2-821A-168C9A91671A}"
EndProject
Project("{9A19103F-16F7-4668-BE54-9A1E7A4F7556}") = "Sum of a sequence", "Sum of a sequence\Sum of a sequence.csproj", "{CBA636A4-9D3D-4F2B-B0C5-50F6026DA54D}"
EndProject
Project("{9A19103F-16F7-4668-BE54-9A1E7A4F7556}") = "Multiple of index", "Multiple of index\Multiple of index.csproj", "{734F99DB-DDEC-40DF-BF1B-DD60257F07D5}"
EndProject
Project("{9A19103F-16F7-4668-BE54-9A1E7A4F7556}") = "Sum of Minimums", "Sum of Minimums\Sum of Minimums.csproj", "{BE98529D-2822-4D33-8E1A-339F3C087B0B}"
EndProject
Project("{9A19103F-16F7-4668-BE54-9A1E7A4F7556}") = "Welcome to the City", "Welcome to the City\Welcome to the City.csproj", "{0FEEC9DF-225B-4E41-BFA9-5C0E6FCC3C6D}"
EndProject
Project("{9A19103F-16F7-4668-BE54-9A1E7A4F7556}") = "Remove the minimum", "Remove the minimum\Remove the minimum.csproj", "{312A6F5B-73C8-4EB2-AEEA-6E9B73A99728}"
EndProject
Project("{9A19103F-16F7-4668-BE54-9A1E7A4F7556}") = "Pillars", "Pillars\Pillars.csproj", "{C63F949C-B1DF-48F4-B8F6-3685D4780B69}"
EndProject
Project("{9A19103F-16F7-4668-BE54-9A1E7A4F7556}") = "Latin Squares", "Latin Squares\Latin Squares.csproj", "{E6B7A962-6B43-4C76-B8D8-0E4BC6C0D6A6}"
EndProject
Project("{9A19103F-16F7-4668-BE54-9A1E7A4F7556}") = "School Paperwork", "School Paperwork\School Paperwork.csproj", "{3845B212-6AB4-45C2-8E52-693C2FAF9382}"
EndProject
Project("{9A19103F-16F7-4668-BE54-9A1E7A4F7556}") = "Length and two values", "Length and two values\Length and two values.csproj", "{EB735BA2-36DD-4024-8DC6-E63125D93366}"
EndProject
Project("{9A19103F-16F7-4668-BE54-9A1E7A4F7556}") = "Reversed sequence", "Reversed sequence\Reversed sequence.csproj", "{0B42C916-6243-4071-BDF6-F2406E716C79}"
EndProject
Project("{9A19103F-16F7-4668-BE54-9A1E7A4F7556}") = "Jenny's secret message", "Jenny's secret message\Jenny's secret message.csproj", "{942D123B-C0AE-44FA-8734-5168B15D19E4}"
EndProject
Project("{9A19103F-16F7-4668-BE54-9A1E7A4F7556}") = "Array plus array", "Array plus array\Array plus array.csproj", "{BC771541-2425-4BF8-BD7F-B84C5DD19281}"
EndProject
Project("{9A19103F-16F7-4668-BE54-9A1E7A4F7556}") = "Is he gonna survive", "Is he gonna survive\Is he gonna survive.csproj", "{3E64899E-7DD2-451D-B865-C935C52FB695}"
EndProject
Project("{9A19103F-16F7-4668-BE54-9A1E7A4F7556}") = "Quadrants", "Quadrants\Quadrants.csproj", "{485B9156-E22E-452F-AC68-20262204F01B}"
EndProject
Project("{9A19103F-16F7-4668-BE54-9A1E7A4F7556}") = "5 without numbers", "5 without numbers\5 without numbers.csproj", "{F3B278D7-D833-4882-A3D1-0725097DA963}"
EndProject
Project("{9A19103F-16F7-4668-BE54-9A1E7A4F7556}") = "Returning Strings", "Returning Strings\Returning Strings.csproj", "{28BF28DA-0C98-4713-9F9E-A21DCF9E6DCD}"
EndProject
Project("{9A19103F-16F7-4668-BE54-9A1E7A4F7556}") = "Expressions Matter", "Expressions Matter\Expressions Matter.csproj", "{66715E11-EA16-4423-BE01-6C4A0FDBD9B8}"
EndProject
Project("{9A19103F-16F7-4668-BE54-9A1E7A4F7556}") = "Check for factor", "Check for factor\Check for factor.csproj", "{E533620D-8C2C-4A19-87CD-B53B9E878FBF}"
EndProject
Project("{9A19103F-16F7-4668-BE54-9A1E7A4F7556}") = "Convert number to reversed array of digits", "Convert number to reversed array of digits\Convert number to reversed array of digits.csproj", "{0D92F752-E457-4049-B81D-D6FB2BB66A22}"
EndProject
Project("{9A19103F-16F7-4668-BE54-9A1E7A4F7556}") = "Convert boolean values to strings", "Convert boolean values to strings\Convert boolean values to strings.csproj", "{922B921D-FCEC-4767-9B72-47095EC7C095}"
EndProject
Project("{9A19103F-16F7-4668-BE54-9A1E7A4F7556}") = "Find the smallest integer in the array", "Find the smallest integer in the array\Find the smallest integer in the array.csproj", "{70129464-B52A-44AA-BA67-8C82D2B41316}"
EndProject
Project("{9A19103F-16F7-4668-BE54-9A1E7A4F7556}") = "Grasshopper - Debug sayHello", "Grasshopper - Debug sayHello\Grasshopper - Debug sayHello.csproj", "{653C3575-9E17-42BF-8561-08C23CDFEBE8}"
EndProject
Project("{9A19103F-16F7-4668-BE54-9A1E7A4F7556}") = "Super Duper Easy", "Super Duper Easy\Super Duper Easy.csproj", "{1DB4F5DD-CE09-4602-BCCE-C21C7BD877BB}"
EndProject
Project("{9A19103F-16F7-4668-BE54-9A1E7A4F7556}") = "Vowel remover", "Vowel remover\Vowel remover.csproj", "{AECB8791-AFD7-4907-B007-A47C81FAC114}"
EndProject
Project("{9A19103F-16F7-4668-BE54-9A1E7A4F7556}") = "Capitalization and Mutability", "Capitalization and Mutability\Capitalization and Mutability.csproj", "{61AFBE99-327B-4488-AB9F-9A4BB3AA77A6}"
EndProject
Project("{9A19103F-16F7-4668-BE54-9A1E7A4F7556}") = "Grasshopper - If-else syntax debug", "Grasshopper - If-else syntax debug\Grasshopper - If-else syntax debug.csproj", "{2639FC0F-8C10-4BB7-AD56-5FABF84BDB84}"
EndProject
Project("{9A19103F-16F7-4668-BE54-9A1E7A4F7556}") = "Plural", "Plural\Plural.csproj", "{88C9FEFE-952B-449C-BE1F-8C0957997285}"
EndProject
Project("{9A19103F-16F7-4668-BE54-9A1E7A4F7556}") = "Short Long Short", "Short Long Short\Short Long Short.csproj", "{EA2C6E4E-CA6E-458C-BA59-311D5B791DAB}"
EndProject
Project("{9A19103F-16F7-4668-BE54-9A1E7A4F7556}") = "Price of Mangoes", "Price of Mangoes\Price of Mangoes.csproj", "{86B8FBDC-48BB-423A-9173-64475BC3312F}"
EndProject
Project("{9A19103F-16F7-4668-BE54-9A1E7A4F7556}") = "L1SetAlarm", "L1SetAlarm\L1SetAlarm.csproj", "{C1163FF3-433E-4C3D-BC13-A7C6CD4BCBCC}"
EndProject
Project("{9A19103F-16F7-4668-BE54-9A1E7A4F7556}") = "MakeUpperCase", "MakeUpperCase\MakeUpperCase.csproj", "{595D351B-4D6A-40B3-B3AA-D028031CEA8E}"
EndProject
Project("{9A19103F-16F7-4668-BE54-9A1E7A4F7556}") = "Regex validate PIN code", "Regex validate PIN code\Regex validate PIN code.csproj", "{AAF521E6-A8D5-4AF4-9974-322EA837E54D}"
EndProject
Project("{9A19103F-16F7-4668-BE54-9A1E7A4F7556}") = "Get the Middle Character", "Get the Middle Character\Get the Middle Character.csproj", "{5872647C-B85A-4D69-9AE1-9E1D940BAA90}"
EndProject
Project("{9A19103F-16F7-4668-BE54-9A1E7A4F7556}") = "Is this a triangle", "Is this a triangle\Is this a triangle.csproj", "{1FD74984-11FE-4D87-94DE-E5095B8739D3}"
EndProject
Project("{9A19103F-16F7-4668-BE54-9A1E7A4F7556}") = "Ones and Zeros", "Ones and Zeros\Ones and Zeros.csproj", "{0D8B9FEC-7071-4D41-B931-CC6C82F728DF}"
EndProject
Project("{9A19103F-16F7-4668-BE54-9A1E7A4F7556}") = "How many lightsabers do you own", "How many lightsabers do you own\How many lightsabers do you own.csproj", "{DE36E355-EA74-4D3A-8337-908BB34CF440}"
EndProject
Project("{9A19103F-16F7-4668-BE54-9A1E7A4F7556}") = "Fake Binary", "Fake Binary\Fake Binary.csproj", "{50F7E21C-63D7-4058-A857-F561A5938731}"
EndProject
Project("{9A19103F-16F7-4668-BE54-9A1E7A4F7556}") = "Sum of Multiples", "Sum of Multiples\Sum of Multiples.csproj", "{BEF50DBF-4BBE-4E9D-804D-F22345FB4F50}"
EndProject
Project("{9A19103F-16F7-4668-BE54-9A1E7A4F7556}") = "No zeros for heros", "No zeros for heros\No zeros for heros.csproj", "{F63E0A98-53AE-44D0-BDDE-D6804CE537C3}"
EndProject
Project("{9A19103F-16F7-4668-BE54-9A1E7A4F7556}") = "Drink about", "Drink about\Drink about.csproj", "{ED0F32AD-1B85-4FCA-BE0B-B8EC3636CD5B}"
EndProject
Project("{9A19103F-16F7-4668-BE54-9A1E7A4F7556}") = "Draw stairs", "Draw stairs\Draw stairs.csproj", "{C8770EBF-82BB-473D-B8D7-8EEDCB4E4A5E}"
EndProject
Project("{9A19103F-16F7-4668-BE54-9A1E7A4F7556}") = "Welcome", "Welcome\Welcome.csproj", "{9D006A71-00C1-41FA-9C56-2C214EE94253}"
EndProject
Project("{9A19103F-16F7-4668-BE54-9A1E7A4F7556}") = "Basic Mathematical Operations", "Basic Mathematical Operations\Basic Mathematical Operations.csproj", "{2B44555B-14D9-4915-921C-2A64275563C4}"
EndProject
Project("{9A19103F-16F7-4668-BE54-9A1E7A4F7556}") = "Double Char", "Double Char\Double Char.csproj", "{E4C58DA2-EEF1-46C1-A8AF-8C450D7FB5D3}"
EndProject
Project("{9A19103F-16F7-4668-BE54-9A1E7A4F7556}") = "Name on billboard", "Name on billboard\Name on billboard.csproj", "{37BFD81B-8667-4373-9F99-CA27CFE5779D}"
EndProject
Project("{9A19103F-16F7-4668-BE54-9A1E7A4F7556}") = "Printing Array elements with Comma delimiters", "Printing Array elements with Comma delimiters\Printing Array elements with Comma delimiters.csproj", "{B0018C6D-79FF-4F17-B242-147DC89951CF}"
EndProject
Project("{9A19103F-16F7-4668-BE54-9A1E7A4F7556}") = "Sentence Smash", "Sentence Smash\Sentence Smash.csproj", "{E551F25A-1C5A-49FE-A138-D20CFDD2362E}"
EndProject
Project("{9A19103F-16F7-4668-BE54-9A1E7A4F7556}") = "A Needle in the Haystack", "A Needle in the Haystack\A Needle in the Haystack.csproj", "{CF508964-4619-4ABB-AFF8-4BA2F44B85BF}"
EndProject
Project("{9A19103F-16F7-4668-BE54-9A1E7A4F7556}") = "Convert a string to an array", "Convert a string to an array\Convert a string to an array.csproj", "{6C808712-BEA1-47FD-99EC-3E2AB6A624AF}"
EndProject
Project("{9A19103F-16F7-4668-BE54-9A1E7A4F7556}") = "Simple Fun 1 Seats in Theater", "Simple Fun 1 Seats in Theater\Simple Fun 1 Seats in Theater.csproj", "{879B3204-BD72-4BE1-A01A-7FC17D16F59F}"
EndProject
Project("{9A19103F-16F7-4668-BE54-9A1E7A4F7556}") = "How good are you really", "How good are you really\How good are you really.csproj", "{5442C236-3AE2-426B-B94D-4F9F767CBCD2}"
EndProject
Project("{9A19103F-16F7-4668-BE54-9A1E7A4F7556}") = "get character from ASCII Value", "get character from ASCII Value\get character from ASCII Value.csproj", "{1FA9719C-D121-4A50-93F4-E69C497C4D50}"
EndProject
Project("{9A19103F-16F7-4668-BE54-9A1E7A4F7556}") = "Triple Trouble", "Triple Trouble\Triple Trouble.csproj", "{C6C17720-27C8-4AC6-8DA8-A064CD9EC0E4}"
EndProject
Project("{9A19103F-16F7-4668-BE54-9A1E7A4F7556}") = "Area or Perimeter", "Area or Perimeter\Area or Perimeter.csproj", "{94405A60-0691-480E-B493-F13F0D16E01C}"
EndProject
Project("{9A19103F-16F7-4668-BE54-9A1E7A4F7556}") = "Are they opposite", "Are they opposite\Are they opposite.csproj", "{086F33EA-A60A-4838-BC8A-0C90F937FCFC}"
EndProject
Project("{9A19103F-16F7-4668-BE54-9A1E7A4F7556}") = "Remove First and Last Character Part Two", "Remove First and Last Character Part Two\Remove First and Last Character Part Two.csproj", "{F81B8A78-9710-4E1B-B283-4C4C5C076BCB}"
EndProject
Project("{9A19103F-16F7-4668-BE54-9A1E7A4F7556}") = "Grasshopper - Summation", "Grasshopper - Summation\Grasshopper - Summation.csproj", "{2297ADF9-2DA7-420B-972B-4C19B9514216}"
EndProject
Project("{9A19103F-16F7-4668-BE54-9A1E7A4F7556}") = "Is the string uppercase", "Is the string uppercase\Is the string uppercase.csproj", "{15DDFCFF-CD54-40CD-9525-E88E64BF5C4A}"
EndProject
Project("{9A19103F-16F7-4668-BE54-9A1E7A4F7556}") = "Abbreviate a Two Word Name", "Abbreviate a Two Word Name\Abbreviate a Two Word Name.csproj", "{8ED9A8C2-E4A6-4B59-9474-CDD204061642}"
EndProject
Project("{9A19103F-16F7-4668-BE54-9A1E7A4F7556}") = "Return to Sanity", "Return to Sanity\Return to Sanity.csproj", "{50CCA0DA-02C4-4E48-93EA-9F027CC06EE0}"
EndProject
Project("{9A19103F-16F7-4668-BE54-9A1E7A4F7556}") = "Geometry Basics Distance between points in 2D", "Geometry Basics Distance between points in 2D\Geometry Basics Distance between points in 2D.csproj", "{56403931-8229-4431-94DD-6A9885808E69}"
EndProject
Project("{9A19103F-16F7-4668-BE54-9A1E7A4F7556}") = "BASIC Making Six Toast", "BASIC Making Six Toast\BASIC Making Six Toast.csproj", "{D33E9AB3-FCF0-48D6-A001-4220C1121AB4}"
EndProject
Project("{9A19103F-16F7-4668-BE54-9A1E7A4F7556}") = "Get Nth Even Number", "Get Nth Even Number\Get Nth Even Number.csproj", "{C1418029-5A02-404C-AB28-C9036E47E205}"
EndProject
Project("{9A19103F-16F7-4668-BE54-9A1E7A4F7556}") = "Parse nice int from char problem", "Parse nice int from char problem\Parse nice int from char problem.csproj", "{B47FE300-7C51-40CF-823A-C3141B4569AF}"
EndProject
Project("{9A19103F-16F7-4668-BE54-9A1E7A4F7556}") = "Find Maximum and Minimum Values of a List", "Find Maximum and Minimum Values of a List\Find Maximum and Minimum Values of a List.csproj", "{1C43A39C-C409-45DC-8438-7AD3BE126BC2}"
EndProject
Project("{9A19103F-16F7-4668-BE54-9A1E7A4F7556}") = "Is it even", "Is it even\Is it even.csproj", "{1CC0B15C-C32B-4160-B6B2-3AC4ABB43DB9}"
EndProject
Project("{9A19103F-16F7-4668-BE54-9A1E7A4F7556}") = "I love you a little  a lot passionately  not at all", "I love you a little  a lot passionately  not at all\I love you a little  a lot passionately  not at all.csproj", "{94452ACE-1C21-4861-9D7F-C8461CD6FD81}"
EndProject
Project("{9A19103F-16F7-4668-BE54-9A1E7A4F7556}") = "Convert to Binary", "Convert to Binary\Convert to Binary.csproj", "{1A889023-02E2-440F-A20D-53A6990BF4B8}"
EndProject
Project("{9A19103F-16F7-4668-BE54-9A1E7A4F7556}") = "Beginner - Lost Without a Map", "Beginner - Lost Without a Map\Beginner - Lost Without a Map.csproj", "{A03294E2-1E86-4B2B-B092-7D92C1BBB252}"
EndProject
Project("{9A19103F-16F7-4668-BE54-9A1E7A4F7556}") = "Beginner Series #4 Cockroach", "Beginner Series #4 Cockroach\Beginner Series #4 Cockroach.csproj", "{F6E6AE0D-30C1-4E7E-8615-1237D11594C4}"
EndProject
Project("{9A19103F-16F7-4668-BE54-9A1E7A4F7556}") = "Remove exclamation marks", "Remove exclamation marks\Remove exclamation marks.csproj", "{609B7075-2853-476E-80F1-5CD6ADF092BC}"
EndProject
Project("{9A19103F-16F7-4668-BE54-9A1E7A4F7556}") = "Training JS7 if else and ternary operator", "Training JS7 if else and ternary operator\Training JS7 if else and ternary operator.csproj", "{17AFA77E-1E81-4043-9079-D7250D2B4743}"
EndProject
Project("{9A19103F-16F7-4668-BE54-9A1E7A4F7556}") = "Never visit a", "Never visit a\Never visit a.csproj", "{6A189445-F583-4369-9FB1-5434A15A17EF}"
EndProject
Project("{9A19103F-16F7-4668-BE54-9A1E7A4F7556}") = "You only need one - Beginner", "You only need one - Beginner\You only need one - Beginner.csproj", "{C861F212-0D14-4985-B6B2-A45E90A59BB5}"
EndProject
Project("{9A19103F-16F7-4668-BE54-9A1E7A4F7556}") = "Count of positives sum of negatives", "Count of positives sum of negatives\Count of positives sum of negatives.csproj", "{A1A54871-EDF0-41F9-A15E-5BFC3CCE4ACC}"
EndProject
Project("{9A19103F-16F7-4668-BE54-9A1E7A4F7556}") = "Count the Monkeys!", "Count the Monkeys!\Count the Monkeys!.csproj", "{EE79572C-24D0-4235-93D8-BB9EB2C8E642}"
EndProject
Project("{9A19103F-16F7-4668-BE54-9A1E7A4F7556}") = "Get the mean of an array", "Get the mean of an array\Get the mean of an array.csproj", "{E102BEE5-C7F4-4084-AE4C-D7F61C75BD06}"
EndProject
Project("{9A19103F-16F7-4668-BE54-9A1E7A4F7556}") = "Convert a Number to a String!", "Convert a Number to a String!\Convert a Number to a String!.csproj", "{889679D9-8A79-4592-9542-4805D9398CB6}"
EndProject
Project("{9A19103F-16F7-4668-BE54-9A1E7A4F7556}") = "Is this my tail", "Is this my tail\Is this my tail.csproj", "{0EAE0658-D5E6-4215-89FA-88E8331C0BBC}"
EndProject
Project("{9A19103F-16F7-4668-BE54-9A1E7A4F7556}") = "Merge two sorted arrays into one", "Merge two sorted arrays into one\Merge two sorted arrays into one.csproj", "{DA940850-AD2C-4980-91E8-BBEF99B4647E}"
EndProject
Project("{9A19103F-16F7-4668-BE54-9A1E7A4F7556}") = "Alan Partridge II - Apple Turnover", "Alan Partridge II - Apple Turnover\Alan Partridge II - Apple Turnover.csproj", "{14FB0E72-5A5C-4645-A4EC-F589EF13CD61}"
EndProject
Project("{9A19103F-16F7-4668-BE54-9A1E7A4F7556}") = "Grasshopper - Messi Goals", "Grasshopper - Messi Goals\Grasshopper - Messi Goals.csproj", "{A48465F8-82AD-4EED-B107-15263C4FF2AE}"
EndProject
Project("{9A19103F-16F7-4668-BE54-9A1E7A4F7556}") = "Are You Playing Banjo", "Are You Playing Banjo\Are You Playing Banjo.csproj", "{23842F5C-B3E1-4F11-8DD0-DC592EDE3C0D}"
EndProject
Project("{9A19103F-16F7-4668-BE54-9A1E7A4F7556}") = "Crash Override", "Crash Override\Crash Override.csproj", "{05CF8DA2-F502-4B07-AE29-351E450B6852}"
EndProject
Project("{FAE04EC0-301F-11D3-BF4B-00C04F79EFBC}") = "Grasshopper - Grade book", "Grasshopper - Grade book\Grasshopper - Grade book.csproj", "{C5C4C84F-E05F-4E5F-9A07-B80093E62915}"
EndProject
Project("{FAE04EC0-301F-11D3-BF4B-00C04F79EFBC}") = "Multiplication table for number", "Multiplication table for number\Multiplication table for number.csproj", "{47A4A244-6BD7-4FE9-95E0-2623AC65B5E5}"
EndProject
Project("{FAE04EC0-301F-11D3-BF4B-00C04F79EFBC}") = "Do I get a bonus", "Do I get a bonus\Do I get a bonus.csproj", "{C6BC0388-B770-4455-910D-4BAB6FBB2CCA}"
EndProject
Project("{FAE04EC0-301F-11D3-BF4B-00C04F79EFBC}") = "Sum The Strings", "Sum The Strings\Sum The Strings.csproj", "{7580008A-ACE4-4019-82C8-493B556300E5}"
EndProject
Global
	GlobalSection(SolutionConfigurationPlatforms) = preSolution
		Debug|Any CPU = Debug|Any CPU
		Release|Any CPU = Release|Any CPU
	EndGlobalSection
	GlobalSection(ProjectConfigurationPlatforms) = postSolution
		{0CD188ED-D5C5-4F1E-B5AF-3996366FEA74}.Debug|Any CPU.ActiveCfg = Debug|Any CPU
		{0CD188ED-D5C5-4F1E-B5AF-3996366FEA74}.Debug|Any CPU.Build.0 = Debug|Any CPU
		{0CD188ED-D5C5-4F1E-B5AF-3996366FEA74}.Release|Any CPU.ActiveCfg = Release|Any CPU
		{0CD188ED-D5C5-4F1E-B5AF-3996366FEA74}.Release|Any CPU.Build.0 = Release|Any CPU
		{C85E9659-58F7-438D-B2F1-4B60976AD6FF}.Debug|Any CPU.ActiveCfg = Debug|Any CPU
		{C85E9659-58F7-438D-B2F1-4B60976AD6FF}.Debug|Any CPU.Build.0 = Debug|Any CPU
		{C85E9659-58F7-438D-B2F1-4B60976AD6FF}.Release|Any CPU.ActiveCfg = Release|Any CPU
		{C85E9659-58F7-438D-B2F1-4B60976AD6FF}.Release|Any CPU.Build.0 = Release|Any CPU
		{7D8213A1-CC39-4B56-85DF-4E615CB507C3}.Debug|Any CPU.ActiveCfg = Debug|Any CPU
		{7D8213A1-CC39-4B56-85DF-4E615CB507C3}.Debug|Any CPU.Build.0 = Debug|Any CPU
		{7D8213A1-CC39-4B56-85DF-4E615CB507C3}.Release|Any CPU.ActiveCfg = Release|Any CPU
		{7D8213A1-CC39-4B56-85DF-4E615CB507C3}.Release|Any CPU.Build.0 = Release|Any CPU
		{65654CF5-50AF-4176-B07A-3365922E551F}.Debug|Any CPU.ActiveCfg = Debug|Any CPU
		{65654CF5-50AF-4176-B07A-3365922E551F}.Debug|Any CPU.Build.0 = Debug|Any CPU
		{65654CF5-50AF-4176-B07A-3365922E551F}.Release|Any CPU.ActiveCfg = Release|Any CPU
		{65654CF5-50AF-4176-B07A-3365922E551F}.Release|Any CPU.Build.0 = Release|Any CPU
		{E2725018-BE1C-4CB6-9142-122B06A98C7D}.Debug|Any CPU.ActiveCfg = Debug|Any CPU
		{E2725018-BE1C-4CB6-9142-122B06A98C7D}.Debug|Any CPU.Build.0 = Debug|Any CPU
		{E2725018-BE1C-4CB6-9142-122B06A98C7D}.Release|Any CPU.ActiveCfg = Release|Any CPU
		{E2725018-BE1C-4CB6-9142-122B06A98C7D}.Release|Any CPU.Build.0 = Release|Any CPU
		{3C340192-1F01-43C0-B968-B6C8A81A2191}.Debug|Any CPU.ActiveCfg = Debug|Any CPU
		{3C340192-1F01-43C0-B968-B6C8A81A2191}.Debug|Any CPU.Build.0 = Debug|Any CPU
		{3C340192-1F01-43C0-B968-B6C8A81A2191}.Release|Any CPU.ActiveCfg = Release|Any CPU
		{3C340192-1F01-43C0-B968-B6C8A81A2191}.Release|Any CPU.Build.0 = Release|Any CPU
		{92EF36E8-FA3C-48DD-B448-058BBF941696}.Debug|Any CPU.ActiveCfg = Debug|Any CPU
		{92EF36E8-FA3C-48DD-B448-058BBF941696}.Debug|Any CPU.Build.0 = Debug|Any CPU
		{92EF36E8-FA3C-48DD-B448-058BBF941696}.Release|Any CPU.ActiveCfg = Release|Any CPU
		{92EF36E8-FA3C-48DD-B448-058BBF941696}.Release|Any CPU.Build.0 = Release|Any CPU
		{80B0E5E4-49C5-4B25-8072-286C1FC5E1D0}.Debug|Any CPU.ActiveCfg = Debug|Any CPU
		{80B0E5E4-49C5-4B25-8072-286C1FC5E1D0}.Debug|Any CPU.Build.0 = Debug|Any CPU
		{80B0E5E4-49C5-4B25-8072-286C1FC5E1D0}.Release|Any CPU.ActiveCfg = Release|Any CPU
		{80B0E5E4-49C5-4B25-8072-286C1FC5E1D0}.Release|Any CPU.Build.0 = Release|Any CPU
		{E1BD0339-0085-4FAC-B667-4FF8BCC0C6E9}.Debug|Any CPU.ActiveCfg = Debug|Any CPU
		{E1BD0339-0085-4FAC-B667-4FF8BCC0C6E9}.Debug|Any CPU.Build.0 = Debug|Any CPU
		{E1BD0339-0085-4FAC-B667-4FF8BCC0C6E9}.Release|Any CPU.ActiveCfg = Release|Any CPU
		{E1BD0339-0085-4FAC-B667-4FF8BCC0C6E9}.Release|Any CPU.Build.0 = Release|Any CPU
		{F3B49FAF-A31F-4EAD-BB8F-B1760A65DB3C}.Debug|Any CPU.ActiveCfg = Debug|Any CPU
		{F3B49FAF-A31F-4EAD-BB8F-B1760A65DB3C}.Debug|Any CPU.Build.0 = Debug|Any CPU
		{F3B49FAF-A31F-4EAD-BB8F-B1760A65DB3C}.Release|Any CPU.ActiveCfg = Release|Any CPU
		{F3B49FAF-A31F-4EAD-BB8F-B1760A65DB3C}.Release|Any CPU.Build.0 = Release|Any CPU
		{988CFFEB-1223-4B26-B657-0B85D93BFF16}.Debug|Any CPU.ActiveCfg = Debug|Any CPU
		{988CFFEB-1223-4B26-B657-0B85D93BFF16}.Debug|Any CPU.Build.0 = Debug|Any CPU
		{988CFFEB-1223-4B26-B657-0B85D93BFF16}.Release|Any CPU.ActiveCfg = Release|Any CPU
		{988CFFEB-1223-4B26-B657-0B85D93BFF16}.Release|Any CPU.Build.0 = Release|Any CPU
		{03552D88-A458-4EE2-A907-E1D72CB87EE9}.Debug|Any CPU.ActiveCfg = Debug|Any CPU
		{03552D88-A458-4EE2-A907-E1D72CB87EE9}.Debug|Any CPU.Build.0 = Debug|Any CPU
		{03552D88-A458-4EE2-A907-E1D72CB87EE9}.Release|Any CPU.ActiveCfg = Release|Any CPU
		{03552D88-A458-4EE2-A907-E1D72CB87EE9}.Release|Any CPU.Build.0 = Release|Any CPU
		{C7B8B5FE-134B-49E9-A3C9-6E6FACD39473}.Debug|Any CPU.ActiveCfg = Debug|Any CPU
		{C7B8B5FE-134B-49E9-A3C9-6E6FACD39473}.Debug|Any CPU.Build.0 = Debug|Any CPU
		{C7B8B5FE-134B-49E9-A3C9-6E6FACD39473}.Release|Any CPU.ActiveCfg = Release|Any CPU
		{C7B8B5FE-134B-49E9-A3C9-6E6FACD39473}.Release|Any CPU.Build.0 = Release|Any CPU
		{D21DD7BE-2EFF-46D8-A48B-5616712A8C79}.Debug|Any CPU.ActiveCfg = Debug|Any CPU
		{D21DD7BE-2EFF-46D8-A48B-5616712A8C79}.Debug|Any CPU.Build.0 = Debug|Any CPU
		{D21DD7BE-2EFF-46D8-A48B-5616712A8C79}.Release|Any CPU.ActiveCfg = Release|Any CPU
		{D21DD7BE-2EFF-46D8-A48B-5616712A8C79}.Release|Any CPU.Build.0 = Release|Any CPU
		{55E114DC-769B-4BFD-8C2D-96408394957C}.Debug|Any CPU.ActiveCfg = Debug|Any CPU
		{55E114DC-769B-4BFD-8C2D-96408394957C}.Debug|Any CPU.Build.0 = Debug|Any CPU
		{55E114DC-769B-4BFD-8C2D-96408394957C}.Release|Any CPU.ActiveCfg = Release|Any CPU
		{55E114DC-769B-4BFD-8C2D-96408394957C}.Release|Any CPU.Build.0 = Release|Any CPU
		{40C6A7E0-D508-411D-9B2F-DBED0B8AEB34}.Debug|Any CPU.ActiveCfg = Debug|Any CPU
		{40C6A7E0-D508-411D-9B2F-DBED0B8AEB34}.Debug|Any CPU.Build.0 = Debug|Any CPU
		{40C6A7E0-D508-411D-9B2F-DBED0B8AEB34}.Release|Any CPU.ActiveCfg = Release|Any CPU
		{40C6A7E0-D508-411D-9B2F-DBED0B8AEB34}.Release|Any CPU.Build.0 = Release|Any CPU
		{E3C32589-595C-477C-922C-AC1A903668F6}.Debug|Any CPU.ActiveCfg = Debug|Any CPU
		{E3C32589-595C-477C-922C-AC1A903668F6}.Debug|Any CPU.Build.0 = Debug|Any CPU
		{E3C32589-595C-477C-922C-AC1A903668F6}.Release|Any CPU.ActiveCfg = Release|Any CPU
		{E3C32589-595C-477C-922C-AC1A903668F6}.Release|Any CPU.Build.0 = Release|Any CPU
		{AE8D02C9-5C31-4A50-A1C3-EFAB77462913}.Debug|Any CPU.ActiveCfg = Debug|Any CPU
		{AE8D02C9-5C31-4A50-A1C3-EFAB77462913}.Debug|Any CPU.Build.0 = Debug|Any CPU
		{AE8D02C9-5C31-4A50-A1C3-EFAB77462913}.Release|Any CPU.ActiveCfg = Release|Any CPU
		{AE8D02C9-5C31-4A50-A1C3-EFAB77462913}.Release|Any CPU.Build.0 = Release|Any CPU
		{3F0C52B2-FC3A-48C0-8AC0-70F57026A37A}.Debug|Any CPU.ActiveCfg = Debug|Any CPU
		{3F0C52B2-FC3A-48C0-8AC0-70F57026A37A}.Debug|Any CPU.Build.0 = Debug|Any CPU
		{3F0C52B2-FC3A-48C0-8AC0-70F57026A37A}.Release|Any CPU.ActiveCfg = Release|Any CPU
		{3F0C52B2-FC3A-48C0-8AC0-70F57026A37A}.Release|Any CPU.Build.0 = Release|Any CPU
		{4B1E4589-82A3-4507-892D-DBCAB86993C6}.Debug|Any CPU.ActiveCfg = Debug|Any CPU
		{4B1E4589-82A3-4507-892D-DBCAB86993C6}.Debug|Any CPU.Build.0 = Debug|Any CPU
		{4B1E4589-82A3-4507-892D-DBCAB86993C6}.Release|Any CPU.ActiveCfg = Release|Any CPU
		{4B1E4589-82A3-4507-892D-DBCAB86993C6}.Release|Any CPU.Build.0 = Release|Any CPU
		{677F9A46-9B7E-48D5-B2E6-B37A1C33E4C7}.Debug|Any CPU.ActiveCfg = Debug|Any CPU
		{677F9A46-9B7E-48D5-B2E6-B37A1C33E4C7}.Debug|Any CPU.Build.0 = Debug|Any CPU
		{677F9A46-9B7E-48D5-B2E6-B37A1C33E4C7}.Release|Any CPU.ActiveCfg = Release|Any CPU
		{677F9A46-9B7E-48D5-B2E6-B37A1C33E4C7}.Release|Any CPU.Build.0 = Release|Any CPU
		{84CF7003-39E3-40CD-A448-313176F37DB5}.Debug|Any CPU.ActiveCfg = Debug|Any CPU
		{84CF7003-39E3-40CD-A448-313176F37DB5}.Debug|Any CPU.Build.0 = Debug|Any CPU
		{84CF7003-39E3-40CD-A448-313176F37DB5}.Release|Any CPU.ActiveCfg = Release|Any CPU
		{84CF7003-39E3-40CD-A448-313176F37DB5}.Release|Any CPU.Build.0 = Release|Any CPU
		{CF26568C-08B4-4185-8A37-4C519458AD8C}.Debug|Any CPU.ActiveCfg = Debug|Any CPU
		{CF26568C-08B4-4185-8A37-4C519458AD8C}.Debug|Any CPU.Build.0 = Debug|Any CPU
		{CF26568C-08B4-4185-8A37-4C519458AD8C}.Release|Any CPU.ActiveCfg = Release|Any CPU
		{CF26568C-08B4-4185-8A37-4C519458AD8C}.Release|Any CPU.Build.0 = Release|Any CPU
		{14DDE62D-FBA3-4A09-86D1-B339B433EA8A}.Debug|Any CPU.ActiveCfg = Debug|Any CPU
		{14DDE62D-FBA3-4A09-86D1-B339B433EA8A}.Debug|Any CPU.Build.0 = Debug|Any CPU
		{14DDE62D-FBA3-4A09-86D1-B339B433EA8A}.Release|Any CPU.ActiveCfg = Release|Any CPU
		{14DDE62D-FBA3-4A09-86D1-B339B433EA8A}.Release|Any CPU.Build.0 = Release|Any CPU
		{4EC183ED-FA01-4C92-95DD-4E528A001539}.Debug|Any CPU.ActiveCfg = Debug|Any CPU
		{4EC183ED-FA01-4C92-95DD-4E528A001539}.Debug|Any CPU.Build.0 = Debug|Any CPU
		{4EC183ED-FA01-4C92-95DD-4E528A001539}.Release|Any CPU.ActiveCfg = Release|Any CPU
		{4EC183ED-FA01-4C92-95DD-4E528A001539}.Release|Any CPU.Build.0 = Release|Any CPU
		{8E6B7D48-455A-4722-8871-521399E37826}.Debug|Any CPU.ActiveCfg = Debug|Any CPU
		{8E6B7D48-455A-4722-8871-521399E37826}.Debug|Any CPU.Build.0 = Debug|Any CPU
		{8E6B7D48-455A-4722-8871-521399E37826}.Release|Any CPU.ActiveCfg = Release|Any CPU
		{8E6B7D48-455A-4722-8871-521399E37826}.Release|Any CPU.Build.0 = Release|Any CPU
		{FEEF2874-E7EB-430C-ADB7-20B945B97333}.Debug|Any CPU.ActiveCfg = Debug|Any CPU
		{FEEF2874-E7EB-430C-ADB7-20B945B97333}.Debug|Any CPU.Build.0 = Debug|Any CPU
		{FEEF2874-E7EB-430C-ADB7-20B945B97333}.Release|Any CPU.ActiveCfg = Release|Any CPU
		{FEEF2874-E7EB-430C-ADB7-20B945B97333}.Release|Any CPU.Build.0 = Release|Any CPU
		{DEE9E3D9-AC4E-4CBE-ACF4-F9CBAFB1D0CC}.Debug|Any CPU.ActiveCfg = Debug|Any CPU
		{DEE9E3D9-AC4E-4CBE-ACF4-F9CBAFB1D0CC}.Debug|Any CPU.Build.0 = Debug|Any CPU
		{DEE9E3D9-AC4E-4CBE-ACF4-F9CBAFB1D0CC}.Release|Any CPU.ActiveCfg = Release|Any CPU
		{DEE9E3D9-AC4E-4CBE-ACF4-F9CBAFB1D0CC}.Release|Any CPU.Build.0 = Release|Any CPU
		{FCD15FD7-43C4-491D-A2A2-231F133CE746}.Debug|Any CPU.ActiveCfg = Debug|Any CPU
		{FCD15FD7-43C4-491D-A2A2-231F133CE746}.Debug|Any CPU.Build.0 = Debug|Any CPU
		{FCD15FD7-43C4-491D-A2A2-231F133CE746}.Release|Any CPU.ActiveCfg = Release|Any CPU
		{FCD15FD7-43C4-491D-A2A2-231F133CE746}.Release|Any CPU.Build.0 = Release|Any CPU
		{9FEF6DA7-EEAF-4A8F-A3C4-8CCF1B72FE96}.Debug|Any CPU.ActiveCfg = Debug|Any CPU
		{9FEF6DA7-EEAF-4A8F-A3C4-8CCF1B72FE96}.Debug|Any CPU.Build.0 = Debug|Any CPU
		{9FEF6DA7-EEAF-4A8F-A3C4-8CCF1B72FE96}.Release|Any CPU.ActiveCfg = Release|Any CPU
		{9FEF6DA7-EEAF-4A8F-A3C4-8CCF1B72FE96}.Release|Any CPU.Build.0 = Release|Any CPU
		{882304EF-4639-4ADC-A1FA-B4709672C9D3}.Debug|Any CPU.ActiveCfg = Debug|Any CPU
		{882304EF-4639-4ADC-A1FA-B4709672C9D3}.Debug|Any CPU.Build.0 = Debug|Any CPU
		{882304EF-4639-4ADC-A1FA-B4709672C9D3}.Release|Any CPU.ActiveCfg = Release|Any CPU
		{882304EF-4639-4ADC-A1FA-B4709672C9D3}.Release|Any CPU.Build.0 = Release|Any CPU
		{4288CBF8-022A-4B85-8F55-D1E5401F1C58}.Debug|Any CPU.ActiveCfg = Debug|Any CPU
		{4288CBF8-022A-4B85-8F55-D1E5401F1C58}.Debug|Any CPU.Build.0 = Debug|Any CPU
		{4288CBF8-022A-4B85-8F55-D1E5401F1C58}.Release|Any CPU.ActiveCfg = Release|Any CPU
		{4288CBF8-022A-4B85-8F55-D1E5401F1C58}.Release|Any CPU.Build.0 = Release|Any CPU
		{27B9ED61-7EFE-4CC4-85BC-0AFFC5853F2F}.Debug|Any CPU.ActiveCfg = Debug|Any CPU
		{27B9ED61-7EFE-4CC4-85BC-0AFFC5853F2F}.Debug|Any CPU.Build.0 = Debug|Any CPU
		{27B9ED61-7EFE-4CC4-85BC-0AFFC5853F2F}.Release|Any CPU.ActiveCfg = Release|Any CPU
		{27B9ED61-7EFE-4CC4-85BC-0AFFC5853F2F}.Release|Any CPU.Build.0 = Release|Any CPU
		{4A64E183-3E47-4C92-B789-AFDBE002DFA3}.Debug|Any CPU.ActiveCfg = Debug|Any CPU
		{4A64E183-3E47-4C92-B789-AFDBE002DFA3}.Debug|Any CPU.Build.0 = Debug|Any CPU
		{4A64E183-3E47-4C92-B789-AFDBE002DFA3}.Release|Any CPU.ActiveCfg = Release|Any CPU
		{4A64E183-3E47-4C92-B789-AFDBE002DFA3}.Release|Any CPU.Build.0 = Release|Any CPU
		{6A95778F-9E74-4A94-9BAA-E4DE1DE75089}.Debug|Any CPU.ActiveCfg = Debug|Any CPU
		{6A95778F-9E74-4A94-9BAA-E4DE1DE75089}.Debug|Any CPU.Build.0 = Debug|Any CPU
		{6A95778F-9E74-4A94-9BAA-E4DE1DE75089}.Release|Any CPU.ActiveCfg = Release|Any CPU
		{6A95778F-9E74-4A94-9BAA-E4DE1DE75089}.Release|Any CPU.Build.0 = Release|Any CPU
		{E1F144A7-E1DF-4F93-A175-A791F5FC2835}.Debug|Any CPU.ActiveCfg = Debug|Any CPU
		{E1F144A7-E1DF-4F93-A175-A791F5FC2835}.Debug|Any CPU.Build.0 = Debug|Any CPU
		{E1F144A7-E1DF-4F93-A175-A791F5FC2835}.Release|Any CPU.ActiveCfg = Release|Any CPU
		{E1F144A7-E1DF-4F93-A175-A791F5FC2835}.Release|Any CPU.Build.0 = Release|Any CPU
		{AEBF4FA3-E2E8-41BF-906E-2E29925D6560}.Debug|Any CPU.ActiveCfg = Debug|Any CPU
		{AEBF4FA3-E2E8-41BF-906E-2E29925D6560}.Debug|Any CPU.Build.0 = Debug|Any CPU
		{AEBF4FA3-E2E8-41BF-906E-2E29925D6560}.Release|Any CPU.ActiveCfg = Release|Any CPU
		{AEBF4FA3-E2E8-41BF-906E-2E29925D6560}.Release|Any CPU.Build.0 = Release|Any CPU
		{6EB8F671-E4A0-454F-8327-BC9948A2D096}.Debug|Any CPU.ActiveCfg = Debug|Any CPU
		{6EB8F671-E4A0-454F-8327-BC9948A2D096}.Debug|Any CPU.Build.0 = Debug|Any CPU
		{6EB8F671-E4A0-454F-8327-BC9948A2D096}.Release|Any CPU.ActiveCfg = Release|Any CPU
		{6EB8F671-E4A0-454F-8327-BC9948A2D096}.Release|Any CPU.Build.0 = Release|Any CPU
		{1960E6AE-8E05-403B-BF49-EC4774FF60D3}.Debug|Any CPU.ActiveCfg = Debug|Any CPU
		{1960E6AE-8E05-403B-BF49-EC4774FF60D3}.Debug|Any CPU.Build.0 = Debug|Any CPU
		{1960E6AE-8E05-403B-BF49-EC4774FF60D3}.Release|Any CPU.ActiveCfg = Release|Any CPU
		{1960E6AE-8E05-403B-BF49-EC4774FF60D3}.Release|Any CPU.Build.0 = Release|Any CPU
		{D019D26F-D9A5-4059-8457-EC0DB8B53F12}.Debug|Any CPU.ActiveCfg = Debug|Any CPU
		{D019D26F-D9A5-4059-8457-EC0DB8B53F12}.Debug|Any CPU.Build.0 = Debug|Any CPU
		{D019D26F-D9A5-4059-8457-EC0DB8B53F12}.Release|Any CPU.ActiveCfg = Release|Any CPU
		{D019D26F-D9A5-4059-8457-EC0DB8B53F12}.Release|Any CPU.Build.0 = Release|Any CPU
		{8B68E740-DD99-45D4-A990-549F07B1F978}.Debug|Any CPU.ActiveCfg = Debug|Any CPU
		{8B68E740-DD99-45D4-A990-549F07B1F978}.Debug|Any CPU.Build.0 = Debug|Any CPU
		{8B68E740-DD99-45D4-A990-549F07B1F978}.Release|Any CPU.ActiveCfg = Release|Any CPU
		{8B68E740-DD99-45D4-A990-549F07B1F978}.Release|Any CPU.Build.0 = Release|Any CPU
		{E9A2C9F5-1856-4798-96F4-8E9BDCE4C7B6}.Debug|Any CPU.ActiveCfg = Debug|Any CPU
		{E9A2C9F5-1856-4798-96F4-8E9BDCE4C7B6}.Debug|Any CPU.Build.0 = Debug|Any CPU
		{E9A2C9F5-1856-4798-96F4-8E9BDCE4C7B6}.Release|Any CPU.ActiveCfg = Release|Any CPU
		{E9A2C9F5-1856-4798-96F4-8E9BDCE4C7B6}.Release|Any CPU.Build.0 = Release|Any CPU
		{0BB3A1E9-CC36-494F-8521-173B089D3B73}.Debug|Any CPU.ActiveCfg = Debug|Any CPU
		{0BB3A1E9-CC36-494F-8521-173B089D3B73}.Debug|Any CPU.Build.0 = Debug|Any CPU
		{0BB3A1E9-CC36-494F-8521-173B089D3B73}.Release|Any CPU.ActiveCfg = Release|Any CPU
		{0BB3A1E9-CC36-494F-8521-173B089D3B73}.Release|Any CPU.Build.0 = Release|Any CPU
		{88CDB06F-76FE-41E5-9164-CE1DA97EED4B}.Debug|Any CPU.ActiveCfg = Debug|Any CPU
		{88CDB06F-76FE-41E5-9164-CE1DA97EED4B}.Debug|Any CPU.Build.0 = Debug|Any CPU
		{88CDB06F-76FE-41E5-9164-CE1DA97EED4B}.Release|Any CPU.ActiveCfg = Release|Any CPU
		{88CDB06F-76FE-41E5-9164-CE1DA97EED4B}.Release|Any CPU.Build.0 = Release|Any CPU
		{D711DA73-2C19-43AA-BA44-F621CB0253A7}.Debug|Any CPU.ActiveCfg = Debug|Any CPU
		{D711DA73-2C19-43AA-BA44-F621CB0253A7}.Debug|Any CPU.Build.0 = Debug|Any CPU
		{D711DA73-2C19-43AA-BA44-F621CB0253A7}.Release|Any CPU.ActiveCfg = Release|Any CPU
		{D711DA73-2C19-43AA-BA44-F621CB0253A7}.Release|Any CPU.Build.0 = Release|Any CPU
		{43D16544-8D52-437C-AF9D-FEF99D96D2C6}.Debug|Any CPU.ActiveCfg = Debug|Any CPU
		{43D16544-8D52-437C-AF9D-FEF99D96D2C6}.Debug|Any CPU.Build.0 = Debug|Any CPU
		{43D16544-8D52-437C-AF9D-FEF99D96D2C6}.Release|Any CPU.ActiveCfg = Release|Any CPU
		{43D16544-8D52-437C-AF9D-FEF99D96D2C6}.Release|Any CPU.Build.0 = Release|Any CPU
		{626C04A6-D0C0-4311-9F6F-109728F856BE}.Debug|Any CPU.ActiveCfg = Debug|Any CPU
		{626C04A6-D0C0-4311-9F6F-109728F856BE}.Debug|Any CPU.Build.0 = Debug|Any CPU
		{626C04A6-D0C0-4311-9F6F-109728F856BE}.Release|Any CPU.ActiveCfg = Release|Any CPU
		{626C04A6-D0C0-4311-9F6F-109728F856BE}.Release|Any CPU.Build.0 = Release|Any CPU
		{2C7E260B-74F4-47E7-B352-3D645560FE85}.Debug|Any CPU.ActiveCfg = Debug|Any CPU
		{2C7E260B-74F4-47E7-B352-3D645560FE85}.Debug|Any CPU.Build.0 = Debug|Any CPU
		{2C7E260B-74F4-47E7-B352-3D645560FE85}.Release|Any CPU.ActiveCfg = Release|Any CPU
		{2C7E260B-74F4-47E7-B352-3D645560FE85}.Release|Any CPU.Build.0 = Release|Any CPU
		{5F4746F9-65AC-4A0D-90D7-AAB1CCBA9CFE}.Debug|Any CPU.ActiveCfg = Debug|Any CPU
		{5F4746F9-65AC-4A0D-90D7-AAB1CCBA9CFE}.Debug|Any CPU.Build.0 = Debug|Any CPU
		{5F4746F9-65AC-4A0D-90D7-AAB1CCBA9CFE}.Release|Any CPU.ActiveCfg = Release|Any CPU
		{5F4746F9-65AC-4A0D-90D7-AAB1CCBA9CFE}.Release|Any CPU.Build.0 = Release|Any CPU
		{429333B1-2FE3-4AAF-A3B4-4FC3C8606A47}.Debug|Any CPU.ActiveCfg = Debug|Any CPU
		{429333B1-2FE3-4AAF-A3B4-4FC3C8606A47}.Debug|Any CPU.Build.0 = Debug|Any CPU
		{429333B1-2FE3-4AAF-A3B4-4FC3C8606A47}.Release|Any CPU.ActiveCfg = Release|Any CPU
		{429333B1-2FE3-4AAF-A3B4-4FC3C8606A47}.Release|Any CPU.Build.0 = Release|Any CPU
		{21AA5B00-CF99-4A8C-9B4B-E9F24629DF09}.Debug|Any CPU.ActiveCfg = Debug|Any CPU
		{21AA5B00-CF99-4A8C-9B4B-E9F24629DF09}.Debug|Any CPU.Build.0 = Debug|Any CPU
		{21AA5B00-CF99-4A8C-9B4B-E9F24629DF09}.Release|Any CPU.ActiveCfg = Release|Any CPU
		{21AA5B00-CF99-4A8C-9B4B-E9F24629DF09}.Release|Any CPU.Build.0 = Release|Any CPU
		{173144EC-07BC-4E58-9D18-8619DA59CAAE}.Debug|Any CPU.ActiveCfg = Debug|Any CPU
		{173144EC-07BC-4E58-9D18-8619DA59CAAE}.Debug|Any CPU.Build.0 = Debug|Any CPU
		{173144EC-07BC-4E58-9D18-8619DA59CAAE}.Release|Any CPU.ActiveCfg = Release|Any CPU
		{173144EC-07BC-4E58-9D18-8619DA59CAAE}.Release|Any CPU.Build.0 = Release|Any CPU
		{38350D5F-4B70-4814-8550-44AFD3CC3EB8}.Debug|Any CPU.ActiveCfg = Debug|Any CPU
		{38350D5F-4B70-4814-8550-44AFD3CC3EB8}.Debug|Any CPU.Build.0 = Debug|Any CPU
		{38350D5F-4B70-4814-8550-44AFD3CC3EB8}.Release|Any CPU.ActiveCfg = Release|Any CPU
		{38350D5F-4B70-4814-8550-44AFD3CC3EB8}.Release|Any CPU.Build.0 = Release|Any CPU
		{6D20DBE5-75E6-4F6F-96DB-495C41794478}.Debug|Any CPU.ActiveCfg = Debug|Any CPU
		{6D20DBE5-75E6-4F6F-96DB-495C41794478}.Debug|Any CPU.Build.0 = Debug|Any CPU
		{6D20DBE5-75E6-4F6F-96DB-495C41794478}.Release|Any CPU.ActiveCfg = Release|Any CPU
		{6D20DBE5-75E6-4F6F-96DB-495C41794478}.Release|Any CPU.Build.0 = Release|Any CPU
		{0403E338-A9B2-41EB-824C-783AB1600479}.Debug|Any CPU.ActiveCfg = Debug|Any CPU
		{0403E338-A9B2-41EB-824C-783AB1600479}.Debug|Any CPU.Build.0 = Debug|Any CPU
		{0403E338-A9B2-41EB-824C-783AB1600479}.Release|Any CPU.ActiveCfg = Release|Any CPU
		{0403E338-A9B2-41EB-824C-783AB1600479}.Release|Any CPU.Build.0 = Release|Any CPU
		{B4ECC012-89F4-410E-A8C7-10B0045713D8}.Debug|Any CPU.ActiveCfg = Debug|Any CPU
		{B4ECC012-89F4-410E-A8C7-10B0045713D8}.Debug|Any CPU.Build.0 = Debug|Any CPU
		{B4ECC012-89F4-410E-A8C7-10B0045713D8}.Release|Any CPU.ActiveCfg = Release|Any CPU
		{B4ECC012-89F4-410E-A8C7-10B0045713D8}.Release|Any CPU.Build.0 = Release|Any CPU
		{DE5B3EE6-46A6-470D-B24B-308AE8BEA21A}.Debug|Any CPU.ActiveCfg = Debug|Any CPU
		{DE5B3EE6-46A6-470D-B24B-308AE8BEA21A}.Debug|Any CPU.Build.0 = Debug|Any CPU
		{DE5B3EE6-46A6-470D-B24B-308AE8BEA21A}.Release|Any CPU.ActiveCfg = Release|Any CPU
		{DE5B3EE6-46A6-470D-B24B-308AE8BEA21A}.Release|Any CPU.Build.0 = Release|Any CPU
		{8E7037E4-1E93-4C32-B8B3-5F4D504B0C7D}.Debug|Any CPU.ActiveCfg = Debug|Any CPU
		{8E7037E4-1E93-4C32-B8B3-5F4D504B0C7D}.Debug|Any CPU.Build.0 = Debug|Any CPU
		{8E7037E4-1E93-4C32-B8B3-5F4D504B0C7D}.Release|Any CPU.ActiveCfg = Release|Any CPU
		{8E7037E4-1E93-4C32-B8B3-5F4D504B0C7D}.Release|Any CPU.Build.0 = Release|Any CPU
		{A24E9AB4-CFAF-44AE-B145-FA7E6948971B}.Debug|Any CPU.ActiveCfg = Debug|Any CPU
		{A24E9AB4-CFAF-44AE-B145-FA7E6948971B}.Debug|Any CPU.Build.0 = Debug|Any CPU
		{A24E9AB4-CFAF-44AE-B145-FA7E6948971B}.Release|Any CPU.ActiveCfg = Release|Any CPU
		{A24E9AB4-CFAF-44AE-B145-FA7E6948971B}.Release|Any CPU.Build.0 = Release|Any CPU
		{760E953F-822D-4608-8D82-2133F15FC424}.Debug|Any CPU.ActiveCfg = Debug|Any CPU
		{760E953F-822D-4608-8D82-2133F15FC424}.Debug|Any CPU.Build.0 = Debug|Any CPU
		{760E953F-822D-4608-8D82-2133F15FC424}.Release|Any CPU.ActiveCfg = Release|Any CPU
		{760E953F-822D-4608-8D82-2133F15FC424}.Release|Any CPU.Build.0 = Release|Any CPU
		{9CF764A4-BE98-4CB2-BEA0-B7358C7EA6B8}.Debug|Any CPU.ActiveCfg = Debug|Any CPU
		{9CF764A4-BE98-4CB2-BEA0-B7358C7EA6B8}.Debug|Any CPU.Build.0 = Debug|Any CPU
		{9CF764A4-BE98-4CB2-BEA0-B7358C7EA6B8}.Release|Any CPU.ActiveCfg = Release|Any CPU
		{9CF764A4-BE98-4CB2-BEA0-B7358C7EA6B8}.Release|Any CPU.Build.0 = Release|Any CPU
		{16066908-4EBE-4D6A-B267-96CB8F1C2F68}.Debug|Any CPU.ActiveCfg = Debug|Any CPU
		{16066908-4EBE-4D6A-B267-96CB8F1C2F68}.Debug|Any CPU.Build.0 = Debug|Any CPU
		{16066908-4EBE-4D6A-B267-96CB8F1C2F68}.Release|Any CPU.ActiveCfg = Release|Any CPU
		{16066908-4EBE-4D6A-B267-96CB8F1C2F68}.Release|Any CPU.Build.0 = Release|Any CPU
		{B55851E7-83E2-4136-9E93-A5D07AD60E9D}.Debug|Any CPU.ActiveCfg = Debug|Any CPU
		{B55851E7-83E2-4136-9E93-A5D07AD60E9D}.Debug|Any CPU.Build.0 = Debug|Any CPU
		{B55851E7-83E2-4136-9E93-A5D07AD60E9D}.Release|Any CPU.ActiveCfg = Release|Any CPU
		{B55851E7-83E2-4136-9E93-A5D07AD60E9D}.Release|Any CPU.Build.0 = Release|Any CPU
		{11CAD3EA-F385-4838-97F1-D5FCA94474E7}.Debug|Any CPU.ActiveCfg = Debug|Any CPU
		{11CAD3EA-F385-4838-97F1-D5FCA94474E7}.Debug|Any CPU.Build.0 = Debug|Any CPU
		{11CAD3EA-F385-4838-97F1-D5FCA94474E7}.Release|Any CPU.ActiveCfg = Release|Any CPU
		{11CAD3EA-F385-4838-97F1-D5FCA94474E7}.Release|Any CPU.Build.0 = Release|Any CPU
		{C8DB233A-8185-4DF2-821A-168C9A91671A}.Debug|Any CPU.ActiveCfg = Debug|Any CPU
		{C8DB233A-8185-4DF2-821A-168C9A91671A}.Debug|Any CPU.Build.0 = Debug|Any CPU
		{C8DB233A-8185-4DF2-821A-168C9A91671A}.Release|Any CPU.ActiveCfg = Release|Any CPU
		{C8DB233A-8185-4DF2-821A-168C9A91671A}.Release|Any CPU.Build.0 = Release|Any CPU
		{CBA636A4-9D3D-4F2B-B0C5-50F6026DA54D}.Debug|Any CPU.ActiveCfg = Debug|Any CPU
		{CBA636A4-9D3D-4F2B-B0C5-50F6026DA54D}.Debug|Any CPU.Build.0 = Debug|Any CPU
		{CBA636A4-9D3D-4F2B-B0C5-50F6026DA54D}.Release|Any CPU.ActiveCfg = Release|Any CPU
		{CBA636A4-9D3D-4F2B-B0C5-50F6026DA54D}.Release|Any CPU.Build.0 = Release|Any CPU
		{734F99DB-DDEC-40DF-BF1B-DD60257F07D5}.Debug|Any CPU.ActiveCfg = Debug|Any CPU
		{734F99DB-DDEC-40DF-BF1B-DD60257F07D5}.Debug|Any CPU.Build.0 = Debug|Any CPU
		{734F99DB-DDEC-40DF-BF1B-DD60257F07D5}.Release|Any CPU.ActiveCfg = Release|Any CPU
		{734F99DB-DDEC-40DF-BF1B-DD60257F07D5}.Release|Any CPU.Build.0 = Release|Any CPU
		{BE98529D-2822-4D33-8E1A-339F3C087B0B}.Debug|Any CPU.ActiveCfg = Debug|Any CPU
		{BE98529D-2822-4D33-8E1A-339F3C087B0B}.Debug|Any CPU.Build.0 = Debug|Any CPU
		{BE98529D-2822-4D33-8E1A-339F3C087B0B}.Release|Any CPU.ActiveCfg = Release|Any CPU
		{BE98529D-2822-4D33-8E1A-339F3C087B0B}.Release|Any CPU.Build.0 = Release|Any CPU
		{0FEEC9DF-225B-4E41-BFA9-5C0E6FCC3C6D}.Debug|Any CPU.ActiveCfg = Debug|Any CPU
		{0FEEC9DF-225B-4E41-BFA9-5C0E6FCC3C6D}.Debug|Any CPU.Build.0 = Debug|Any CPU
		{0FEEC9DF-225B-4E41-BFA9-5C0E6FCC3C6D}.Release|Any CPU.ActiveCfg = Release|Any CPU
		{0FEEC9DF-225B-4E41-BFA9-5C0E6FCC3C6D}.Release|Any CPU.Build.0 = Release|Any CPU
		{312A6F5B-73C8-4EB2-AEEA-6E9B73A99728}.Debug|Any CPU.ActiveCfg = Debug|Any CPU
		{312A6F5B-73C8-4EB2-AEEA-6E9B73A99728}.Debug|Any CPU.Build.0 = Debug|Any CPU
		{312A6F5B-73C8-4EB2-AEEA-6E9B73A99728}.Release|Any CPU.ActiveCfg = Release|Any CPU
		{312A6F5B-73C8-4EB2-AEEA-6E9B73A99728}.Release|Any CPU.Build.0 = Release|Any CPU
		{C63F949C-B1DF-48F4-B8F6-3685D4780B69}.Debug|Any CPU.ActiveCfg = Debug|Any CPU
		{C63F949C-B1DF-48F4-B8F6-3685D4780B69}.Debug|Any CPU.Build.0 = Debug|Any CPU
		{C63F949C-B1DF-48F4-B8F6-3685D4780B69}.Release|Any CPU.ActiveCfg = Release|Any CPU
		{C63F949C-B1DF-48F4-B8F6-3685D4780B69}.Release|Any CPU.Build.0 = Release|Any CPU
		{E6B7A962-6B43-4C76-B8D8-0E4BC6C0D6A6}.Debug|Any CPU.ActiveCfg = Debug|Any CPU
		{E6B7A962-6B43-4C76-B8D8-0E4BC6C0D6A6}.Debug|Any CPU.Build.0 = Debug|Any CPU
		{E6B7A962-6B43-4C76-B8D8-0E4BC6C0D6A6}.Release|Any CPU.ActiveCfg = Release|Any CPU
		{E6B7A962-6B43-4C76-B8D8-0E4BC6C0D6A6}.Release|Any CPU.Build.0 = Release|Any CPU
		{3845B212-6AB4-45C2-8E52-693C2FAF9382}.Debug|Any CPU.ActiveCfg = Debug|Any CPU
		{3845B212-6AB4-45C2-8E52-693C2FAF9382}.Debug|Any CPU.Build.0 = Debug|Any CPU
		{3845B212-6AB4-45C2-8E52-693C2FAF9382}.Release|Any CPU.ActiveCfg = Release|Any CPU
		{3845B212-6AB4-45C2-8E52-693C2FAF9382}.Release|Any CPU.Build.0 = Release|Any CPU
		{EB735BA2-36DD-4024-8DC6-E63125D93366}.Debug|Any CPU.ActiveCfg = Debug|Any CPU
		{EB735BA2-36DD-4024-8DC6-E63125D93366}.Debug|Any CPU.Build.0 = Debug|Any CPU
		{EB735BA2-36DD-4024-8DC6-E63125D93366}.Release|Any CPU.ActiveCfg = Release|Any CPU
		{EB735BA2-36DD-4024-8DC6-E63125D93366}.Release|Any CPU.Build.0 = Release|Any CPU
		{0B42C916-6243-4071-BDF6-F2406E716C79}.Debug|Any CPU.ActiveCfg = Debug|Any CPU
		{0B42C916-6243-4071-BDF6-F2406E716C79}.Debug|Any CPU.Build.0 = Debug|Any CPU
		{0B42C916-6243-4071-BDF6-F2406E716C79}.Release|Any CPU.ActiveCfg = Release|Any CPU
		{0B42C916-6243-4071-BDF6-F2406E716C79}.Release|Any CPU.Build.0 = Release|Any CPU
		{942D123B-C0AE-44FA-8734-5168B15D19E4}.Debug|Any CPU.ActiveCfg = Debug|Any CPU
		{942D123B-C0AE-44FA-8734-5168B15D19E4}.Debug|Any CPU.Build.0 = Debug|Any CPU
		{942D123B-C0AE-44FA-8734-5168B15D19E4}.Release|Any CPU.ActiveCfg = Release|Any CPU
		{942D123B-C0AE-44FA-8734-5168B15D19E4}.Release|Any CPU.Build.0 = Release|Any CPU
		{BC771541-2425-4BF8-BD7F-B84C5DD19281}.Debug|Any CPU.ActiveCfg = Debug|Any CPU
		{BC771541-2425-4BF8-BD7F-B84C5DD19281}.Debug|Any CPU.Build.0 = Debug|Any CPU
		{BC771541-2425-4BF8-BD7F-B84C5DD19281}.Release|Any CPU.ActiveCfg = Release|Any CPU
		{BC771541-2425-4BF8-BD7F-B84C5DD19281}.Release|Any CPU.Build.0 = Release|Any CPU
		{3E64899E-7DD2-451D-B865-C935C52FB695}.Debug|Any CPU.ActiveCfg = Debug|Any CPU
		{3E64899E-7DD2-451D-B865-C935C52FB695}.Debug|Any CPU.Build.0 = Debug|Any CPU
		{3E64899E-7DD2-451D-B865-C935C52FB695}.Release|Any CPU.ActiveCfg = Release|Any CPU
		{3E64899E-7DD2-451D-B865-C935C52FB695}.Release|Any CPU.Build.0 = Release|Any CPU
		{485B9156-E22E-452F-AC68-20262204F01B}.Debug|Any CPU.ActiveCfg = Debug|Any CPU
		{485B9156-E22E-452F-AC68-20262204F01B}.Debug|Any CPU.Build.0 = Debug|Any CPU
		{485B9156-E22E-452F-AC68-20262204F01B}.Release|Any CPU.ActiveCfg = Release|Any CPU
		{485B9156-E22E-452F-AC68-20262204F01B}.Release|Any CPU.Build.0 = Release|Any CPU
		{F3B278D7-D833-4882-A3D1-0725097DA963}.Debug|Any CPU.ActiveCfg = Debug|Any CPU
		{F3B278D7-D833-4882-A3D1-0725097DA963}.Debug|Any CPU.Build.0 = Debug|Any CPU
		{F3B278D7-D833-4882-A3D1-0725097DA963}.Release|Any CPU.ActiveCfg = Release|Any CPU
		{F3B278D7-D833-4882-A3D1-0725097DA963}.Release|Any CPU.Build.0 = Release|Any CPU
		{28BF28DA-0C98-4713-9F9E-A21DCF9E6DCD}.Debug|Any CPU.ActiveCfg = Debug|Any CPU
		{28BF28DA-0C98-4713-9F9E-A21DCF9E6DCD}.Debug|Any CPU.Build.0 = Debug|Any CPU
		{28BF28DA-0C98-4713-9F9E-A21DCF9E6DCD}.Release|Any CPU.ActiveCfg = Release|Any CPU
		{28BF28DA-0C98-4713-9F9E-A21DCF9E6DCD}.Release|Any CPU.Build.0 = Release|Any CPU
		{66715E11-EA16-4423-BE01-6C4A0FDBD9B8}.Debug|Any CPU.ActiveCfg = Debug|Any CPU
		{66715E11-EA16-4423-BE01-6C4A0FDBD9B8}.Debug|Any CPU.Build.0 = Debug|Any CPU
		{66715E11-EA16-4423-BE01-6C4A0FDBD9B8}.Release|Any CPU.ActiveCfg = Release|Any CPU
		{66715E11-EA16-4423-BE01-6C4A0FDBD9B8}.Release|Any CPU.Build.0 = Release|Any CPU
		{E533620D-8C2C-4A19-87CD-B53B9E878FBF}.Debug|Any CPU.ActiveCfg = Debug|Any CPU
		{E533620D-8C2C-4A19-87CD-B53B9E878FBF}.Debug|Any CPU.Build.0 = Debug|Any CPU
		{E533620D-8C2C-4A19-87CD-B53B9E878FBF}.Release|Any CPU.ActiveCfg = Release|Any CPU
		{E533620D-8C2C-4A19-87CD-B53B9E878FBF}.Release|Any CPU.Build.0 = Release|Any CPU
		{0D92F752-E457-4049-B81D-D6FB2BB66A22}.Debug|Any CPU.ActiveCfg = Debug|Any CPU
		{0D92F752-E457-4049-B81D-D6FB2BB66A22}.Debug|Any CPU.Build.0 = Debug|Any CPU
		{0D92F752-E457-4049-B81D-D6FB2BB66A22}.Release|Any CPU.ActiveCfg = Release|Any CPU
		{0D92F752-E457-4049-B81D-D6FB2BB66A22}.Release|Any CPU.Build.0 = Release|Any CPU
		{922B921D-FCEC-4767-9B72-47095EC7C095}.Debug|Any CPU.ActiveCfg = Debug|Any CPU
		{922B921D-FCEC-4767-9B72-47095EC7C095}.Debug|Any CPU.Build.0 = Debug|Any CPU
		{922B921D-FCEC-4767-9B72-47095EC7C095}.Release|Any CPU.ActiveCfg = Release|Any CPU
		{922B921D-FCEC-4767-9B72-47095EC7C095}.Release|Any CPU.Build.0 = Release|Any CPU
		{70129464-B52A-44AA-BA67-8C82D2B41316}.Debug|Any CPU.ActiveCfg = Debug|Any CPU
		{70129464-B52A-44AA-BA67-8C82D2B41316}.Debug|Any CPU.Build.0 = Debug|Any CPU
		{70129464-B52A-44AA-BA67-8C82D2B41316}.Release|Any CPU.ActiveCfg = Release|Any CPU
		{70129464-B52A-44AA-BA67-8C82D2B41316}.Release|Any CPU.Build.0 = Release|Any CPU
		{653C3575-9E17-42BF-8561-08C23CDFEBE8}.Debug|Any CPU.ActiveCfg = Debug|Any CPU
		{653C3575-9E17-42BF-8561-08C23CDFEBE8}.Debug|Any CPU.Build.0 = Debug|Any CPU
		{653C3575-9E17-42BF-8561-08C23CDFEBE8}.Release|Any CPU.ActiveCfg = Release|Any CPU
		{653C3575-9E17-42BF-8561-08C23CDFEBE8}.Release|Any CPU.Build.0 = Release|Any CPU
		{1DB4F5DD-CE09-4602-BCCE-C21C7BD877BB}.Debug|Any CPU.ActiveCfg = Debug|Any CPU
		{1DB4F5DD-CE09-4602-BCCE-C21C7BD877BB}.Debug|Any CPU.Build.0 = Debug|Any CPU
		{1DB4F5DD-CE09-4602-BCCE-C21C7BD877BB}.Release|Any CPU.ActiveCfg = Release|Any CPU
		{1DB4F5DD-CE09-4602-BCCE-C21C7BD877BB}.Release|Any CPU.Build.0 = Release|Any CPU
		{AECB8791-AFD7-4907-B007-A47C81FAC114}.Debug|Any CPU.ActiveCfg = Debug|Any CPU
		{AECB8791-AFD7-4907-B007-A47C81FAC114}.Debug|Any CPU.Build.0 = Debug|Any CPU
		{AECB8791-AFD7-4907-B007-A47C81FAC114}.Release|Any CPU.ActiveCfg = Release|Any CPU
		{AECB8791-AFD7-4907-B007-A47C81FAC114}.Release|Any CPU.Build.0 = Release|Any CPU
		{61AFBE99-327B-4488-AB9F-9A4BB3AA77A6}.Debug|Any CPU.ActiveCfg = Debug|Any CPU
		{61AFBE99-327B-4488-AB9F-9A4BB3AA77A6}.Debug|Any CPU.Build.0 = Debug|Any CPU
		{61AFBE99-327B-4488-AB9F-9A4BB3AA77A6}.Release|Any CPU.ActiveCfg = Release|Any CPU
		{61AFBE99-327B-4488-AB9F-9A4BB3AA77A6}.Release|Any CPU.Build.0 = Release|Any CPU
		{2639FC0F-8C10-4BB7-AD56-5FABF84BDB84}.Debug|Any CPU.ActiveCfg = Debug|Any CPU
		{2639FC0F-8C10-4BB7-AD56-5FABF84BDB84}.Debug|Any CPU.Build.0 = Debug|Any CPU
		{2639FC0F-8C10-4BB7-AD56-5FABF84BDB84}.Release|Any CPU.ActiveCfg = Release|Any CPU
		{2639FC0F-8C10-4BB7-AD56-5FABF84BDB84}.Release|Any CPU.Build.0 = Release|Any CPU
		{88C9FEFE-952B-449C-BE1F-8C0957997285}.Debug|Any CPU.ActiveCfg = Debug|Any CPU
		{88C9FEFE-952B-449C-BE1F-8C0957997285}.Debug|Any CPU.Build.0 = Debug|Any CPU
		{88C9FEFE-952B-449C-BE1F-8C0957997285}.Release|Any CPU.ActiveCfg = Release|Any CPU
		{88C9FEFE-952B-449C-BE1F-8C0957997285}.Release|Any CPU.Build.0 = Release|Any CPU
		{EA2C6E4E-CA6E-458C-BA59-311D5B791DAB}.Debug|Any CPU.ActiveCfg = Debug|Any CPU
		{EA2C6E4E-CA6E-458C-BA59-311D5B791DAB}.Debug|Any CPU.Build.0 = Debug|Any CPU
		{EA2C6E4E-CA6E-458C-BA59-311D5B791DAB}.Release|Any CPU.ActiveCfg = Release|Any CPU
		{EA2C6E4E-CA6E-458C-BA59-311D5B791DAB}.Release|Any CPU.Build.0 = Release|Any CPU
		{86B8FBDC-48BB-423A-9173-64475BC3312F}.Debug|Any CPU.ActiveCfg = Debug|Any CPU
		{86B8FBDC-48BB-423A-9173-64475BC3312F}.Debug|Any CPU.Build.0 = Debug|Any CPU
		{86B8FBDC-48BB-423A-9173-64475BC3312F}.Release|Any CPU.ActiveCfg = Release|Any CPU
		{86B8FBDC-48BB-423A-9173-64475BC3312F}.Release|Any CPU.Build.0 = Release|Any CPU
		{C1163FF3-433E-4C3D-BC13-A7C6CD4BCBCC}.Debug|Any CPU.ActiveCfg = Debug|Any CPU
		{C1163FF3-433E-4C3D-BC13-A7C6CD4BCBCC}.Debug|Any CPU.Build.0 = Debug|Any CPU
		{C1163FF3-433E-4C3D-BC13-A7C6CD4BCBCC}.Release|Any CPU.ActiveCfg = Release|Any CPU
		{C1163FF3-433E-4C3D-BC13-A7C6CD4BCBCC}.Release|Any CPU.Build.0 = Release|Any CPU
		{595D351B-4D6A-40B3-B3AA-D028031CEA8E}.Debug|Any CPU.ActiveCfg = Debug|Any CPU
		{595D351B-4D6A-40B3-B3AA-D028031CEA8E}.Debug|Any CPU.Build.0 = Debug|Any CPU
		{595D351B-4D6A-40B3-B3AA-D028031CEA8E}.Release|Any CPU.ActiveCfg = Release|Any CPU
		{595D351B-4D6A-40B3-B3AA-D028031CEA8E}.Release|Any CPU.Build.0 = Release|Any CPU
		{AAF521E6-A8D5-4AF4-9974-322EA837E54D}.Debug|Any CPU.ActiveCfg = Debug|Any CPU
		{AAF521E6-A8D5-4AF4-9974-322EA837E54D}.Debug|Any CPU.Build.0 = Debug|Any CPU
		{AAF521E6-A8D5-4AF4-9974-322EA837E54D}.Release|Any CPU.ActiveCfg = Release|Any CPU
		{AAF521E6-A8D5-4AF4-9974-322EA837E54D}.Release|Any CPU.Build.0 = Release|Any CPU
		{5872647C-B85A-4D69-9AE1-9E1D940BAA90}.Debug|Any CPU.ActiveCfg = Debug|Any CPU
		{5872647C-B85A-4D69-9AE1-9E1D940BAA90}.Debug|Any CPU.Build.0 = Debug|Any CPU
		{5872647C-B85A-4D69-9AE1-9E1D940BAA90}.Release|Any CPU.ActiveCfg = Release|Any CPU
		{5872647C-B85A-4D69-9AE1-9E1D940BAA90}.Release|Any CPU.Build.0 = Release|Any CPU
		{1FD74984-11FE-4D87-94DE-E5095B8739D3}.Debug|Any CPU.ActiveCfg = Debug|Any CPU
		{1FD74984-11FE-4D87-94DE-E5095B8739D3}.Debug|Any CPU.Build.0 = Debug|Any CPU
		{1FD74984-11FE-4D87-94DE-E5095B8739D3}.Release|Any CPU.ActiveCfg = Release|Any CPU
		{1FD74984-11FE-4D87-94DE-E5095B8739D3}.Release|Any CPU.Build.0 = Release|Any CPU
		{0D8B9FEC-7071-4D41-B931-CC6C82F728DF}.Debug|Any CPU.ActiveCfg = Debug|Any CPU
		{0D8B9FEC-7071-4D41-B931-CC6C82F728DF}.Debug|Any CPU.Build.0 = Debug|Any CPU
		{0D8B9FEC-7071-4D41-B931-CC6C82F728DF}.Release|Any CPU.ActiveCfg = Release|Any CPU
		{0D8B9FEC-7071-4D41-B931-CC6C82F728DF}.Release|Any CPU.Build.0 = Release|Any CPU
		{DE36E355-EA74-4D3A-8337-908BB34CF440}.Debug|Any CPU.ActiveCfg = Debug|Any CPU
		{DE36E355-EA74-4D3A-8337-908BB34CF440}.Debug|Any CPU.Build.0 = Debug|Any CPU
		{DE36E355-EA74-4D3A-8337-908BB34CF440}.Release|Any CPU.ActiveCfg = Release|Any CPU
		{DE36E355-EA74-4D3A-8337-908BB34CF440}.Release|Any CPU.Build.0 = Release|Any CPU
		{50F7E21C-63D7-4058-A857-F561A5938731}.Debug|Any CPU.ActiveCfg = Debug|Any CPU
		{50F7E21C-63D7-4058-A857-F561A5938731}.Debug|Any CPU.Build.0 = Debug|Any CPU
		{50F7E21C-63D7-4058-A857-F561A5938731}.Release|Any CPU.ActiveCfg = Release|Any CPU
		{50F7E21C-63D7-4058-A857-F561A5938731}.Release|Any CPU.Build.0 = Release|Any CPU
		{BEF50DBF-4BBE-4E9D-804D-F22345FB4F50}.Debug|Any CPU.ActiveCfg = Debug|Any CPU
		{BEF50DBF-4BBE-4E9D-804D-F22345FB4F50}.Debug|Any CPU.Build.0 = Debug|Any CPU
		{BEF50DBF-4BBE-4E9D-804D-F22345FB4F50}.Release|Any CPU.ActiveCfg = Release|Any CPU
		{BEF50DBF-4BBE-4E9D-804D-F22345FB4F50}.Release|Any CPU.Build.0 = Release|Any CPU
		{F63E0A98-53AE-44D0-BDDE-D6804CE537C3}.Debug|Any CPU.ActiveCfg = Debug|Any CPU
		{F63E0A98-53AE-44D0-BDDE-D6804CE537C3}.Debug|Any CPU.Build.0 = Debug|Any CPU
		{F63E0A98-53AE-44D0-BDDE-D6804CE537C3}.Release|Any CPU.ActiveCfg = Release|Any CPU
		{F63E0A98-53AE-44D0-BDDE-D6804CE537C3}.Release|Any CPU.Build.0 = Release|Any CPU
		{ED0F32AD-1B85-4FCA-BE0B-B8EC3636CD5B}.Debug|Any CPU.ActiveCfg = Debug|Any CPU
		{ED0F32AD-1B85-4FCA-BE0B-B8EC3636CD5B}.Debug|Any CPU.Build.0 = Debug|Any CPU
		{ED0F32AD-1B85-4FCA-BE0B-B8EC3636CD5B}.Release|Any CPU.ActiveCfg = Release|Any CPU
		{ED0F32AD-1B85-4FCA-BE0B-B8EC3636CD5B}.Release|Any CPU.Build.0 = Release|Any CPU
		{C8770EBF-82BB-473D-B8D7-8EEDCB4E4A5E}.Debug|Any CPU.ActiveCfg = Debug|Any CPU
		{C8770EBF-82BB-473D-B8D7-8EEDCB4E4A5E}.Debug|Any CPU.Build.0 = Debug|Any CPU
		{C8770EBF-82BB-473D-B8D7-8EEDCB4E4A5E}.Release|Any CPU.ActiveCfg = Release|Any CPU
		{C8770EBF-82BB-473D-B8D7-8EEDCB4E4A5E}.Release|Any CPU.Build.0 = Release|Any CPU
		{9D006A71-00C1-41FA-9C56-2C214EE94253}.Debug|Any CPU.ActiveCfg = Debug|Any CPU
		{9D006A71-00C1-41FA-9C56-2C214EE94253}.Debug|Any CPU.Build.0 = Debug|Any CPU
		{9D006A71-00C1-41FA-9C56-2C214EE94253}.Release|Any CPU.ActiveCfg = Release|Any CPU
		{9D006A71-00C1-41FA-9C56-2C214EE94253}.Release|Any CPU.Build.0 = Release|Any CPU
		{2B44555B-14D9-4915-921C-2A64275563C4}.Debug|Any CPU.ActiveCfg = Debug|Any CPU
		{2B44555B-14D9-4915-921C-2A64275563C4}.Debug|Any CPU.Build.0 = Debug|Any CPU
		{2B44555B-14D9-4915-921C-2A64275563C4}.Release|Any CPU.ActiveCfg = Release|Any CPU
		{2B44555B-14D9-4915-921C-2A64275563C4}.Release|Any CPU.Build.0 = Release|Any CPU
		{E4C58DA2-EEF1-46C1-A8AF-8C450D7FB5D3}.Debug|Any CPU.ActiveCfg = Debug|Any CPU
		{E4C58DA2-EEF1-46C1-A8AF-8C450D7FB5D3}.Debug|Any CPU.Build.0 = Debug|Any CPU
		{E4C58DA2-EEF1-46C1-A8AF-8C450D7FB5D3}.Release|Any CPU.ActiveCfg = Release|Any CPU
		{E4C58DA2-EEF1-46C1-A8AF-8C450D7FB5D3}.Release|Any CPU.Build.0 = Release|Any CPU
		{37BFD81B-8667-4373-9F99-CA27CFE5779D}.Debug|Any CPU.ActiveCfg = Debug|Any CPU
		{37BFD81B-8667-4373-9F99-CA27CFE5779D}.Debug|Any CPU.Build.0 = Debug|Any CPU
		{37BFD81B-8667-4373-9F99-CA27CFE5779D}.Release|Any CPU.ActiveCfg = Release|Any CPU
		{37BFD81B-8667-4373-9F99-CA27CFE5779D}.Release|Any CPU.Build.0 = Release|Any CPU
		{B0018C6D-79FF-4F17-B242-147DC89951CF}.Debug|Any CPU.ActiveCfg = Debug|Any CPU
		{B0018C6D-79FF-4F17-B242-147DC89951CF}.Debug|Any CPU.Build.0 = Debug|Any CPU
		{B0018C6D-79FF-4F17-B242-147DC89951CF}.Release|Any CPU.ActiveCfg = Release|Any CPU
		{B0018C6D-79FF-4F17-B242-147DC89951CF}.Release|Any CPU.Build.0 = Release|Any CPU
		{E551F25A-1C5A-49FE-A138-D20CFDD2362E}.Debug|Any CPU.ActiveCfg = Debug|Any CPU
		{E551F25A-1C5A-49FE-A138-D20CFDD2362E}.Debug|Any CPU.Build.0 = Debug|Any CPU
		{E551F25A-1C5A-49FE-A138-D20CFDD2362E}.Release|Any CPU.ActiveCfg = Release|Any CPU
		{E551F25A-1C5A-49FE-A138-D20CFDD2362E}.Release|Any CPU.Build.0 = Release|Any CPU
		{CF508964-4619-4ABB-AFF8-4BA2F44B85BF}.Debug|Any CPU.ActiveCfg = Debug|Any CPU
		{CF508964-4619-4ABB-AFF8-4BA2F44B85BF}.Debug|Any CPU.Build.0 = Debug|Any CPU
		{CF508964-4619-4ABB-AFF8-4BA2F44B85BF}.Release|Any CPU.ActiveCfg = Release|Any CPU
		{CF508964-4619-4ABB-AFF8-4BA2F44B85BF}.Release|Any CPU.Build.0 = Release|Any CPU
		{6C808712-BEA1-47FD-99EC-3E2AB6A624AF}.Debug|Any CPU.ActiveCfg = Debug|Any CPU
		{6C808712-BEA1-47FD-99EC-3E2AB6A624AF}.Debug|Any CPU.Build.0 = Debug|Any CPU
		{6C808712-BEA1-47FD-99EC-3E2AB6A624AF}.Release|Any CPU.ActiveCfg = Release|Any CPU
		{6C808712-BEA1-47FD-99EC-3E2AB6A624AF}.Release|Any CPU.Build.0 = Release|Any CPU
		{879B3204-BD72-4BE1-A01A-7FC17D16F59F}.Debug|Any CPU.ActiveCfg = Debug|Any CPU
		{879B3204-BD72-4BE1-A01A-7FC17D16F59F}.Debug|Any CPU.Build.0 = Debug|Any CPU
		{879B3204-BD72-4BE1-A01A-7FC17D16F59F}.Release|Any CPU.ActiveCfg = Release|Any CPU
		{879B3204-BD72-4BE1-A01A-7FC17D16F59F}.Release|Any CPU.Build.0 = Release|Any CPU
		{5442C236-3AE2-426B-B94D-4F9F767CBCD2}.Debug|Any CPU.ActiveCfg = Debug|Any CPU
		{5442C236-3AE2-426B-B94D-4F9F767CBCD2}.Debug|Any CPU.Build.0 = Debug|Any CPU
		{5442C236-3AE2-426B-B94D-4F9F767CBCD2}.Release|Any CPU.ActiveCfg = Release|Any CPU
		{5442C236-3AE2-426B-B94D-4F9F767CBCD2}.Release|Any CPU.Build.0 = Release|Any CPU
		{1FA9719C-D121-4A50-93F4-E69C497C4D50}.Debug|Any CPU.ActiveCfg = Debug|Any CPU
		{1FA9719C-D121-4A50-93F4-E69C497C4D50}.Debug|Any CPU.Build.0 = Debug|Any CPU
		{1FA9719C-D121-4A50-93F4-E69C497C4D50}.Release|Any CPU.ActiveCfg = Release|Any CPU
		{1FA9719C-D121-4A50-93F4-E69C497C4D50}.Release|Any CPU.Build.0 = Release|Any CPU
		{C6C17720-27C8-4AC6-8DA8-A064CD9EC0E4}.Debug|Any CPU.ActiveCfg = Debug|Any CPU
		{C6C17720-27C8-4AC6-8DA8-A064CD9EC0E4}.Debug|Any CPU.Build.0 = Debug|Any CPU
		{C6C17720-27C8-4AC6-8DA8-A064CD9EC0E4}.Release|Any CPU.ActiveCfg = Release|Any CPU
		{C6C17720-27C8-4AC6-8DA8-A064CD9EC0E4}.Release|Any CPU.Build.0 = Release|Any CPU
		{94405A60-0691-480E-B493-F13F0D16E01C}.Debug|Any CPU.ActiveCfg = Debug|Any CPU
		{94405A60-0691-480E-B493-F13F0D16E01C}.Debug|Any CPU.Build.0 = Debug|Any CPU
		{94405A60-0691-480E-B493-F13F0D16E01C}.Release|Any CPU.ActiveCfg = Release|Any CPU
		{94405A60-0691-480E-B493-F13F0D16E01C}.Release|Any CPU.Build.0 = Release|Any CPU
		{086F33EA-A60A-4838-BC8A-0C90F937FCFC}.Debug|Any CPU.ActiveCfg = Debug|Any CPU
		{086F33EA-A60A-4838-BC8A-0C90F937FCFC}.Debug|Any CPU.Build.0 = Debug|Any CPU
		{086F33EA-A60A-4838-BC8A-0C90F937FCFC}.Release|Any CPU.ActiveCfg = Release|Any CPU
		{086F33EA-A60A-4838-BC8A-0C90F937FCFC}.Release|Any CPU.Build.0 = Release|Any CPU
		{F81B8A78-9710-4E1B-B283-4C4C5C076BCB}.Debug|Any CPU.ActiveCfg = Debug|Any CPU
		{F81B8A78-9710-4E1B-B283-4C4C5C076BCB}.Debug|Any CPU.Build.0 = Debug|Any CPU
		{F81B8A78-9710-4E1B-B283-4C4C5C076BCB}.Release|Any CPU.ActiveCfg = Release|Any CPU
		{F81B8A78-9710-4E1B-B283-4C4C5C076BCB}.Release|Any CPU.Build.0 = Release|Any CPU
		{2297ADF9-2DA7-420B-972B-4C19B9514216}.Debug|Any CPU.ActiveCfg = Debug|Any CPU
		{2297ADF9-2DA7-420B-972B-4C19B9514216}.Debug|Any CPU.Build.0 = Debug|Any CPU
		{2297ADF9-2DA7-420B-972B-4C19B9514216}.Release|Any CPU.ActiveCfg = Release|Any CPU
		{2297ADF9-2DA7-420B-972B-4C19B9514216}.Release|Any CPU.Build.0 = Release|Any CPU
		{15DDFCFF-CD54-40CD-9525-E88E64BF5C4A}.Debug|Any CPU.ActiveCfg = Debug|Any CPU
		{15DDFCFF-CD54-40CD-9525-E88E64BF5C4A}.Debug|Any CPU.Build.0 = Debug|Any CPU
		{15DDFCFF-CD54-40CD-9525-E88E64BF5C4A}.Release|Any CPU.ActiveCfg = Release|Any CPU
		{15DDFCFF-CD54-40CD-9525-E88E64BF5C4A}.Release|Any CPU.Build.0 = Release|Any CPU
		{8ED9A8C2-E4A6-4B59-9474-CDD204061642}.Debug|Any CPU.ActiveCfg = Debug|Any CPU
		{8ED9A8C2-E4A6-4B59-9474-CDD204061642}.Debug|Any CPU.Build.0 = Debug|Any CPU
		{8ED9A8C2-E4A6-4B59-9474-CDD204061642}.Release|Any CPU.ActiveCfg = Release|Any CPU
		{8ED9A8C2-E4A6-4B59-9474-CDD204061642}.Release|Any CPU.Build.0 = Release|Any CPU
		{50CCA0DA-02C4-4E48-93EA-9F027CC06EE0}.Debug|Any CPU.ActiveCfg = Debug|Any CPU
		{50CCA0DA-02C4-4E48-93EA-9F027CC06EE0}.Debug|Any CPU.Build.0 = Debug|Any CPU
		{50CCA0DA-02C4-4E48-93EA-9F027CC06EE0}.Release|Any CPU.ActiveCfg = Release|Any CPU
		{50CCA0DA-02C4-4E48-93EA-9F027CC06EE0}.Release|Any CPU.Build.0 = Release|Any CPU
		{56403931-8229-4431-94DD-6A9885808E69}.Debug|Any CPU.ActiveCfg = Debug|Any CPU
		{56403931-8229-4431-94DD-6A9885808E69}.Debug|Any CPU.Build.0 = Debug|Any CPU
		{56403931-8229-4431-94DD-6A9885808E69}.Release|Any CPU.ActiveCfg = Release|Any CPU
		{56403931-8229-4431-94DD-6A9885808E69}.Release|Any CPU.Build.0 = Release|Any CPU
		{D33E9AB3-FCF0-48D6-A001-4220C1121AB4}.Debug|Any CPU.ActiveCfg = Debug|Any CPU
		{D33E9AB3-FCF0-48D6-A001-4220C1121AB4}.Debug|Any CPU.Build.0 = Debug|Any CPU
		{D33E9AB3-FCF0-48D6-A001-4220C1121AB4}.Release|Any CPU.ActiveCfg = Release|Any CPU
		{D33E9AB3-FCF0-48D6-A001-4220C1121AB4}.Release|Any CPU.Build.0 = Release|Any CPU
		{C1418029-5A02-404C-AB28-C9036E47E205}.Debug|Any CPU.ActiveCfg = Debug|Any CPU
		{C1418029-5A02-404C-AB28-C9036E47E205}.Debug|Any CPU.Build.0 = Debug|Any CPU
		{C1418029-5A02-404C-AB28-C9036E47E205}.Release|Any CPU.ActiveCfg = Release|Any CPU
		{C1418029-5A02-404C-AB28-C9036E47E205}.Release|Any CPU.Build.0 = Release|Any CPU
		{B47FE300-7C51-40CF-823A-C3141B4569AF}.Debug|Any CPU.ActiveCfg = Debug|Any CPU
		{B47FE300-7C51-40CF-823A-C3141B4569AF}.Debug|Any CPU.Build.0 = Debug|Any CPU
		{B47FE300-7C51-40CF-823A-C3141B4569AF}.Release|Any CPU.ActiveCfg = Release|Any CPU
		{B47FE300-7C51-40CF-823A-C3141B4569AF}.Release|Any CPU.Build.0 = Release|Any CPU
		{1C43A39C-C409-45DC-8438-7AD3BE126BC2}.Debug|Any CPU.ActiveCfg = Debug|Any CPU
		{1C43A39C-C409-45DC-8438-7AD3BE126BC2}.Debug|Any CPU.Build.0 = Debug|Any CPU
		{1C43A39C-C409-45DC-8438-7AD3BE126BC2}.Release|Any CPU.ActiveCfg = Release|Any CPU
		{1C43A39C-C409-45DC-8438-7AD3BE126BC2}.Release|Any CPU.Build.0 = Release|Any CPU
		{1CC0B15C-C32B-4160-B6B2-3AC4ABB43DB9}.Debug|Any CPU.ActiveCfg = Debug|Any CPU
		{1CC0B15C-C32B-4160-B6B2-3AC4ABB43DB9}.Debug|Any CPU.Build.0 = Debug|Any CPU
		{1CC0B15C-C32B-4160-B6B2-3AC4ABB43DB9}.Release|Any CPU.ActiveCfg = Release|Any CPU
		{1CC0B15C-C32B-4160-B6B2-3AC4ABB43DB9}.Release|Any CPU.Build.0 = Release|Any CPU
		{94452ACE-1C21-4861-9D7F-C8461CD6FD81}.Debug|Any CPU.ActiveCfg = Debug|Any CPU
		{94452ACE-1C21-4861-9D7F-C8461CD6FD81}.Debug|Any CPU.Build.0 = Debug|Any CPU
		{94452ACE-1C21-4861-9D7F-C8461CD6FD81}.Release|Any CPU.ActiveCfg = Release|Any CPU
		{94452ACE-1C21-4861-9D7F-C8461CD6FD81}.Release|Any CPU.Build.0 = Release|Any CPU
		{1A889023-02E2-440F-A20D-53A6990BF4B8}.Debug|Any CPU.ActiveCfg = Debug|Any CPU
		{1A889023-02E2-440F-A20D-53A6990BF4B8}.Debug|Any CPU.Build.0 = Debug|Any CPU
		{1A889023-02E2-440F-A20D-53A6990BF4B8}.Release|Any CPU.ActiveCfg = Release|Any CPU
		{1A889023-02E2-440F-A20D-53A6990BF4B8}.Release|Any CPU.Build.0 = Release|Any CPU
		{A03294E2-1E86-4B2B-B092-7D92C1BBB252}.Debug|Any CPU.ActiveCfg = Debug|Any CPU
		{A03294E2-1E86-4B2B-B092-7D92C1BBB252}.Debug|Any CPU.Build.0 = Debug|Any CPU
		{A03294E2-1E86-4B2B-B092-7D92C1BBB252}.Release|Any CPU.ActiveCfg = Release|Any CPU
		{A03294E2-1E86-4B2B-B092-7D92C1BBB252}.Release|Any CPU.Build.0 = Release|Any CPU
		{F6E6AE0D-30C1-4E7E-8615-1237D11594C4}.Debug|Any CPU.ActiveCfg = Debug|Any CPU
		{F6E6AE0D-30C1-4E7E-8615-1237D11594C4}.Debug|Any CPU.Build.0 = Debug|Any CPU
		{F6E6AE0D-30C1-4E7E-8615-1237D11594C4}.Release|Any CPU.ActiveCfg = Release|Any CPU
		{F6E6AE0D-30C1-4E7E-8615-1237D11594C4}.Release|Any CPU.Build.0 = Release|Any CPU
		{609B7075-2853-476E-80F1-5CD6ADF092BC}.Debug|Any CPU.ActiveCfg = Debug|Any CPU
		{609B7075-2853-476E-80F1-5CD6ADF092BC}.Debug|Any CPU.Build.0 = Debug|Any CPU
		{609B7075-2853-476E-80F1-5CD6ADF092BC}.Release|Any CPU.ActiveCfg = Release|Any CPU
		{609B7075-2853-476E-80F1-5CD6ADF092BC}.Release|Any CPU.Build.0 = Release|Any CPU
		{17AFA77E-1E81-4043-9079-D7250D2B4743}.Debug|Any CPU.ActiveCfg = Debug|Any CPU
		{17AFA77E-1E81-4043-9079-D7250D2B4743}.Debug|Any CPU.Build.0 = Debug|Any CPU
		{17AFA77E-1E81-4043-9079-D7250D2B4743}.Release|Any CPU.ActiveCfg = Release|Any CPU
		{17AFA77E-1E81-4043-9079-D7250D2B4743}.Release|Any CPU.Build.0 = Release|Any CPU
		{6A189445-F583-4369-9FB1-5434A15A17EF}.Debug|Any CPU.ActiveCfg = Debug|Any CPU
		{6A189445-F583-4369-9FB1-5434A15A17EF}.Debug|Any CPU.Build.0 = Debug|Any CPU
		{6A189445-F583-4369-9FB1-5434A15A17EF}.Release|Any CPU.ActiveCfg = Release|Any CPU
		{6A189445-F583-4369-9FB1-5434A15A17EF}.Release|Any CPU.Build.0 = Release|Any CPU
		{C861F212-0D14-4985-B6B2-A45E90A59BB5}.Debug|Any CPU.ActiveCfg = Debug|Any CPU
		{C861F212-0D14-4985-B6B2-A45E90A59BB5}.Debug|Any CPU.Build.0 = Debug|Any CPU
		{C861F212-0D14-4985-B6B2-A45E90A59BB5}.Release|Any CPU.ActiveCfg = Release|Any CPU
		{C861F212-0D14-4985-B6B2-A45E90A59BB5}.Release|Any CPU.Build.0 = Release|Any CPU
		{A1A54871-EDF0-41F9-A15E-5BFC3CCE4ACC}.Debug|Any CPU.ActiveCfg = Debug|Any CPU
		{A1A54871-EDF0-41F9-A15E-5BFC3CCE4ACC}.Debug|Any CPU.Build.0 = Debug|Any CPU
		{A1A54871-EDF0-41F9-A15E-5BFC3CCE4ACC}.Release|Any CPU.ActiveCfg = Release|Any CPU
		{A1A54871-EDF0-41F9-A15E-5BFC3CCE4ACC}.Release|Any CPU.Build.0 = Release|Any CPU
		{EE79572C-24D0-4235-93D8-BB9EB2C8E642}.Debug|Any CPU.ActiveCfg = Debug|Any CPU
		{EE79572C-24D0-4235-93D8-BB9EB2C8E642}.Debug|Any CPU.Build.0 = Debug|Any CPU
		{EE79572C-24D0-4235-93D8-BB9EB2C8E642}.Release|Any CPU.ActiveCfg = Release|Any CPU
		{EE79572C-24D0-4235-93D8-BB9EB2C8E642}.Release|Any CPU.Build.0 = Release|Any CPU
		{E102BEE5-C7F4-4084-AE4C-D7F61C75BD06}.Debug|Any CPU.ActiveCfg = Debug|Any CPU
		{E102BEE5-C7F4-4084-AE4C-D7F61C75BD06}.Debug|Any CPU.Build.0 = Debug|Any CPU
		{E102BEE5-C7F4-4084-AE4C-D7F61C75BD06}.Release|Any CPU.ActiveCfg = Release|Any CPU
		{E102BEE5-C7F4-4084-AE4C-D7F61C75BD06}.Release|Any CPU.Build.0 = Release|Any CPU
		{889679D9-8A79-4592-9542-4805D9398CB6}.Debug|Any CPU.ActiveCfg = Debug|Any CPU
		{889679D9-8A79-4592-9542-4805D9398CB6}.Debug|Any CPU.Build.0 = Debug|Any CPU
		{889679D9-8A79-4592-9542-4805D9398CB6}.Release|Any CPU.ActiveCfg = Release|Any CPU
		{889679D9-8A79-4592-9542-4805D9398CB6}.Release|Any CPU.Build.0 = Release|Any CPU
		{0EAE0658-D5E6-4215-89FA-88E8331C0BBC}.Debug|Any CPU.ActiveCfg = Debug|Any CPU
		{0EAE0658-D5E6-4215-89FA-88E8331C0BBC}.Debug|Any CPU.Build.0 = Debug|Any CPU
		{0EAE0658-D5E6-4215-89FA-88E8331C0BBC}.Release|Any CPU.ActiveCfg = Release|Any CPU
		{0EAE0658-D5E6-4215-89FA-88E8331C0BBC}.Release|Any CPU.Build.0 = Release|Any CPU
		{DA940850-AD2C-4980-91E8-BBEF99B4647E}.Debug|Any CPU.ActiveCfg = Debug|Any CPU
		{DA940850-AD2C-4980-91E8-BBEF99B4647E}.Debug|Any CPU.Build.0 = Debug|Any CPU
		{DA940850-AD2C-4980-91E8-BBEF99B4647E}.Release|Any CPU.ActiveCfg = Release|Any CPU
		{DA940850-AD2C-4980-91E8-BBEF99B4647E}.Release|Any CPU.Build.0 = Release|Any CPU
		{14FB0E72-5A5C-4645-A4EC-F589EF13CD61}.Debug|Any CPU.ActiveCfg = Debug|Any CPU
		{14FB0E72-5A5C-4645-A4EC-F589EF13CD61}.Debug|Any CPU.Build.0 = Debug|Any CPU
		{14FB0E72-5A5C-4645-A4EC-F589EF13CD61}.Release|Any CPU.ActiveCfg = Release|Any CPU
		{14FB0E72-5A5C-4645-A4EC-F589EF13CD61}.Release|Any CPU.Build.0 = Release|Any CPU
		{A48465F8-82AD-4EED-B107-15263C4FF2AE}.Debug|Any CPU.ActiveCfg = Debug|Any CPU
		{A48465F8-82AD-4EED-B107-15263C4FF2AE}.Debug|Any CPU.Build.0 = Debug|Any CPU
		{A48465F8-82AD-4EED-B107-15263C4FF2AE}.Release|Any CPU.ActiveCfg = Release|Any CPU
		{A48465F8-82AD-4EED-B107-15263C4FF2AE}.Release|Any CPU.Build.0 = Release|Any CPU
		{23842F5C-B3E1-4F11-8DD0-DC592EDE3C0D}.Debug|Any CPU.ActiveCfg = Debug|Any CPU
		{23842F5C-B3E1-4F11-8DD0-DC592EDE3C0D}.Debug|Any CPU.Build.0 = Debug|Any CPU
		{23842F5C-B3E1-4F11-8DD0-DC592EDE3C0D}.Release|Any CPU.ActiveCfg = Release|Any CPU
		{23842F5C-B3E1-4F11-8DD0-DC592EDE3C0D}.Release|Any CPU.Build.0 = Release|Any CPU
		{05CF8DA2-F502-4B07-AE29-351E450B6852}.Debug|Any CPU.ActiveCfg = Debug|Any CPU
		{05CF8DA2-F502-4B07-AE29-351E450B6852}.Debug|Any CPU.Build.0 = Debug|Any CPU
		{05CF8DA2-F502-4B07-AE29-351E450B6852}.Release|Any CPU.ActiveCfg = Release|Any CPU
		{05CF8DA2-F502-4B07-AE29-351E450B6852}.Release|Any CPU.Build.0 = Release|Any CPU
		{C5C4C84F-E05F-4E5F-9A07-B80093E62915}.Debug|Any CPU.ActiveCfg = Debug|Any CPU
		{C5C4C84F-E05F-4E5F-9A07-B80093E62915}.Debug|Any CPU.Build.0 = Debug|Any CPU
		{C5C4C84F-E05F-4E5F-9A07-B80093E62915}.Release|Any CPU.ActiveCfg = Release|Any CPU
		{C5C4C84F-E05F-4E5F-9A07-B80093E62915}.Release|Any CPU.Build.0 = Release|Any CPU
		{47A4A244-6BD7-4FE9-95E0-2623AC65B5E5}.Debug|Any CPU.ActiveCfg = Debug|Any CPU
		{47A4A244-6BD7-4FE9-95E0-2623AC65B5E5}.Debug|Any CPU.Build.0 = Debug|Any CPU
		{47A4A244-6BD7-4FE9-95E0-2623AC65B5E5}.Release|Any CPU.ActiveCfg = Release|Any CPU
		{47A4A244-6BD7-4FE9-95E0-2623AC65B5E5}.Release|Any CPU.Build.0 = Release|Any CPU
		{C6BC0388-B770-4455-910D-4BAB6FBB2CCA}.Debug|Any CPU.ActiveCfg = Debug|Any CPU
		{C6BC0388-B770-4455-910D-4BAB6FBB2CCA}.Debug|Any CPU.Build.0 = Debug|Any CPU
		{C6BC0388-B770-4455-910D-4BAB6FBB2CCA}.Release|Any CPU.ActiveCfg = Release|Any CPU
		{C6BC0388-B770-4455-910D-4BAB6FBB2CCA}.Release|Any CPU.Build.0 = Release|Any CPU
		{7580008A-ACE4-4019-82C8-493B556300E5}.Debug|Any CPU.ActiveCfg = Debug|Any CPU
		{7580008A-ACE4-4019-82C8-493B556300E5}.Debug|Any CPU.Build.0 = Debug|Any CPU
		{7580008A-ACE4-4019-82C8-493B556300E5}.Release|Any CPU.ActiveCfg = Release|Any CPU
		{7580008A-ACE4-4019-82C8-493B556300E5}.Release|Any CPU.Build.0 = Release|Any CPU
	EndGlobalSection
	GlobalSection(SolutionProperties) = preSolution
		HideSolutionNode = FALSE
	EndGlobalSection
	GlobalSection(NestedProjects) = preSolution
		{0CD188ED-D5C5-4F1E-B5AF-3996366FEA74} = {A850A139-9651-4249-AF33-975C3B23D915}
		{C85E9659-58F7-438D-B2F1-4B60976AD6FF} = {A850A139-9651-4249-AF33-975C3B23D915}
		{7D8213A1-CC39-4B56-85DF-4E615CB507C3} = {A850A139-9651-4249-AF33-975C3B23D915}
		{65654CF5-50AF-4176-B07A-3365922E551F} = {A850A139-9651-4249-AF33-975C3B23D915}
		{E2725018-BE1C-4CB6-9142-122B06A98C7D} = {A850A139-9651-4249-AF33-975C3B23D915}
		{3C340192-1F01-43C0-B968-B6C8A81A2191} = {A850A139-9651-4249-AF33-975C3B23D915}
		{92EF36E8-FA3C-48DD-B448-058BBF941696} = {A850A139-9651-4249-AF33-975C3B23D915}
		{80B0E5E4-49C5-4B25-8072-286C1FC5E1D0} = {A850A139-9651-4249-AF33-975C3B23D915}
		{E1BD0339-0085-4FAC-B667-4FF8BCC0C6E9} = {A850A139-9651-4249-AF33-975C3B23D915}
		{F3B49FAF-A31F-4EAD-BB8F-B1760A65DB3C} = {A850A139-9651-4249-AF33-975C3B23D915}
		{988CFFEB-1223-4B26-B657-0B85D93BFF16} = {A850A139-9651-4249-AF33-975C3B23D915}
		{03552D88-A458-4EE2-A907-E1D72CB87EE9} = {A850A139-9651-4249-AF33-975C3B23D915}
		{C7B8B5FE-134B-49E9-A3C9-6E6FACD39473} = {A850A139-9651-4249-AF33-975C3B23D915}
		{D21DD7BE-2EFF-46D8-A48B-5616712A8C79} = {A850A139-9651-4249-AF33-975C3B23D915}
		{55E114DC-769B-4BFD-8C2D-96408394957C} = {A850A139-9651-4249-AF33-975C3B23D915}
		{40C6A7E0-D508-411D-9B2F-DBED0B8AEB34} = {7DCE8751-8E7A-4726-9A42-303C80B78549}
		{E3C32589-595C-477C-922C-AC1A903668F6} = {A850A139-9651-4249-AF33-975C3B23D915}
		{AE8D02C9-5C31-4A50-A1C3-EFAB77462913} = {A850A139-9651-4249-AF33-975C3B23D915}
		{3F0C52B2-FC3A-48C0-8AC0-70F57026A37A} = {A850A139-9651-4249-AF33-975C3B23D915}
		{4B1E4589-82A3-4507-892D-DBCAB86993C6} = {A850A139-9651-4249-AF33-975C3B23D915}
		{677F9A46-9B7E-48D5-B2E6-B37A1C33E4C7} = {A850A139-9651-4249-AF33-975C3B23D915}
		{84CF7003-39E3-40CD-A448-313176F37DB5} = {A850A139-9651-4249-AF33-975C3B23D915}
		{CF26568C-08B4-4185-8A37-4C519458AD8C} = {A850A139-9651-4249-AF33-975C3B23D915}
		{14DDE62D-FBA3-4A09-86D1-B339B433EA8A} = {A850A139-9651-4249-AF33-975C3B23D915}
		{4EC183ED-FA01-4C92-95DD-4E528A001539} = {A850A139-9651-4249-AF33-975C3B23D915}
		{8E6B7D48-455A-4722-8871-521399E37826} = {A850A139-9651-4249-AF33-975C3B23D915}
		{FEEF2874-E7EB-430C-ADB7-20B945B97333} = {A850A139-9651-4249-AF33-975C3B23D915}
		{DEE9E3D9-AC4E-4CBE-ACF4-F9CBAFB1D0CC} = {A850A139-9651-4249-AF33-975C3B23D915}
		{FCD15FD7-43C4-491D-A2A2-231F133CE746} = {A850A139-9651-4249-AF33-975C3B23D915}
		{9FEF6DA7-EEAF-4A8F-A3C4-8CCF1B72FE96} = {7DCE8751-8E7A-4726-9A42-303C80B78549}
		{882304EF-4639-4ADC-A1FA-B4709672C9D3} = {A850A139-9651-4249-AF33-975C3B23D915}
		{4288CBF8-022A-4B85-8F55-D1E5401F1C58} = {A850A139-9651-4249-AF33-975C3B23D915}
		{27B9ED61-7EFE-4CC4-85BC-0AFFC5853F2F} = {7DCE8751-8E7A-4726-9A42-303C80B78549}
		{4A64E183-3E47-4C92-B789-AFDBE002DFA3} = {A850A139-9651-4249-AF33-975C3B23D915}
		{6A95778F-9E74-4A94-9BAA-E4DE1DE75089} = {A850A139-9651-4249-AF33-975C3B23D915}
		{E1F144A7-E1DF-4F93-A175-A791F5FC2835} = {7DCE8751-8E7A-4726-9A42-303C80B78549}
		{AEBF4FA3-E2E8-41BF-906E-2E29925D6560} = {A850A139-9651-4249-AF33-975C3B23D915}
		{6EB8F671-E4A0-454F-8327-BC9948A2D096} = {7DCE8751-8E7A-4726-9A42-303C80B78549}
		{1960E6AE-8E05-403B-BF49-EC4774FF60D3} = {A850A139-9651-4249-AF33-975C3B23D915}
		{D019D26F-D9A5-4059-8457-EC0DB8B53F12} = {A850A139-9651-4249-AF33-975C3B23D915}
		{8B68E740-DD99-45D4-A990-549F07B1F978} = {A850A139-9651-4249-AF33-975C3B23D915}
		{E9A2C9F5-1856-4798-96F4-8E9BDCE4C7B6} = {A850A139-9651-4249-AF33-975C3B23D915}
		{0BB3A1E9-CC36-494F-8521-173B089D3B73} = {A850A139-9651-4249-AF33-975C3B23D915}
		{88CDB06F-76FE-41E5-9164-CE1DA97EED4B} = {A850A139-9651-4249-AF33-975C3B23D915}
		{D711DA73-2C19-43AA-BA44-F621CB0253A7} = {7DCE8751-8E7A-4726-9A42-303C80B78549}
		{43D16544-8D52-437C-AF9D-FEF99D96D2C6} = {7DCE8751-8E7A-4726-9A42-303C80B78549}
		{626C04A6-D0C0-4311-9F6F-109728F856BE} = {A850A139-9651-4249-AF33-975C3B23D915}
		{2C7E260B-74F4-47E7-B352-3D645560FE85} = {7DCE8751-8E7A-4726-9A42-303C80B78549}
		{5F4746F9-65AC-4A0D-90D7-AAB1CCBA9CFE} = {7DCE8751-8E7A-4726-9A42-303C80B78549}
		{429333B1-2FE3-4AAF-A3B4-4FC3C8606A47} = {A850A139-9651-4249-AF33-975C3B23D915}
		{21AA5B00-CF99-4A8C-9B4B-E9F24629DF09} = {A850A139-9651-4249-AF33-975C3B23D915}
		{173144EC-07BC-4E58-9D18-8619DA59CAAE} = {7DCE8751-8E7A-4726-9A42-303C80B78549}
		{38350D5F-4B70-4814-8550-44AFD3CC3EB8} = {A850A139-9651-4249-AF33-975C3B23D915}
		{6D20DBE5-75E6-4F6F-96DB-495C41794478} = {A850A139-9651-4249-AF33-975C3B23D915}
		{0403E338-A9B2-41EB-824C-783AB1600479} = {A850A139-9651-4249-AF33-975C3B23D915}
		{B4ECC012-89F4-410E-A8C7-10B0045713D8} = {7DCE8751-8E7A-4726-9A42-303C80B78549}
		{DE5B3EE6-46A6-470D-B24B-308AE8BEA21A} = {A850A139-9651-4249-AF33-975C3B23D915}
		{8E7037E4-1E93-4C32-B8B3-5F4D504B0C7D} = {7DCE8751-8E7A-4726-9A42-303C80B78549}
		{A24E9AB4-CFAF-44AE-B145-FA7E6948971B} = {A850A139-9651-4249-AF33-975C3B23D915}
		{760E953F-822D-4608-8D82-2133F15FC424} = {A850A139-9651-4249-AF33-975C3B23D915}
		{9CF764A4-BE98-4CB2-BEA0-B7358C7EA6B8} = {7DCE8751-8E7A-4726-9A42-303C80B78549}
		{16066908-4EBE-4D6A-B267-96CB8F1C2F68} = {A850A139-9651-4249-AF33-975C3B23D915}
		{B55851E7-83E2-4136-9E93-A5D07AD60E9D} = {A850A139-9651-4249-AF33-975C3B23D915}
		{11CAD3EA-F385-4838-97F1-D5FCA94474E7} = {A850A139-9651-4249-AF33-975C3B23D915}
		{C8DB233A-8185-4DF2-821A-168C9A91671A} = {A850A139-9651-4249-AF33-975C3B23D915}
		{CBA636A4-9D3D-4F2B-B0C5-50F6026DA54D} = {7DCE8751-8E7A-4726-9A42-303C80B78549}
		{734F99DB-DDEC-40DF-BF1B-DD60257F07D5} = {A850A139-9651-4249-AF33-975C3B23D915}
		{BE98529D-2822-4D33-8E1A-339F3C087B0B} = {7DCE8751-8E7A-4726-9A42-303C80B78549}
		{0FEEC9DF-225B-4E41-BFA9-5C0E6FCC3C6D} = {A850A139-9651-4249-AF33-975C3B23D915}
		{312A6F5B-73C8-4EB2-AEEA-6E9B73A99728} = {7DCE8751-8E7A-4726-9A42-303C80B78549}
		{C63F949C-B1DF-48F4-B8F6-3685D4780B69} = {A850A139-9651-4249-AF33-975C3B23D915}
		{E6B7A962-6B43-4C76-B8D8-0E4BC6C0D6A6} = {7DCE8751-8E7A-4726-9A42-303C80B78549}
		{3845B212-6AB4-45C2-8E52-693C2FAF9382} = {A850A139-9651-4249-AF33-975C3B23D915}
		{EB735BA2-36DD-4024-8DC6-E63125D93366} = {7DCE8751-8E7A-4726-9A42-303C80B78549}
		{0B42C916-6243-4071-BDF6-F2406E716C79} = {A850A139-9651-4249-AF33-975C3B23D915}
		{942D123B-C0AE-44FA-8734-5168B15D19E4} = {A850A139-9651-4249-AF33-975C3B23D915}
		{BC771541-2425-4BF8-BD7F-B84C5DD19281} = {A850A139-9651-4249-AF33-975C3B23D915}
		{3E64899E-7DD2-451D-B865-C935C52FB695} = {A850A139-9651-4249-AF33-975C3B23D915}
		{485B9156-E22E-452F-AC68-20262204F01B} = {A850A139-9651-4249-AF33-975C3B23D915}
		{F3B278D7-D833-4882-A3D1-0725097DA963} = {A850A139-9651-4249-AF33-975C3B23D915}
		{28BF28DA-0C98-4713-9F9E-A21DCF9E6DCD} = {A850A139-9651-4249-AF33-975C3B23D915}
		{66715E11-EA16-4423-BE01-6C4A0FDBD9B8} = {A850A139-9651-4249-AF33-975C3B23D915}
		{E533620D-8C2C-4A19-87CD-B53B9E878FBF} = {A850A139-9651-4249-AF33-975C3B23D915}
		{0D92F752-E457-4049-B81D-D6FB2BB66A22} = {A850A139-9651-4249-AF33-975C3B23D915}
		{922B921D-FCEC-4767-9B72-47095EC7C095} = {A850A139-9651-4249-AF33-975C3B23D915}
		{70129464-B52A-44AA-BA67-8C82D2B41316} = {A850A139-9651-4249-AF33-975C3B23D915}
		{653C3575-9E17-42BF-8561-08C23CDFEBE8} = {A850A139-9651-4249-AF33-975C3B23D915}
		{1DB4F5DD-CE09-4602-BCCE-C21C7BD877BB} = {A850A139-9651-4249-AF33-975C3B23D915}
		{AECB8791-AFD7-4907-B007-A47C81FAC114} = {A850A139-9651-4249-AF33-975C3B23D915}
		{61AFBE99-327B-4488-AB9F-9A4BB3AA77A6} = {A850A139-9651-4249-AF33-975C3B23D915}
		{2639FC0F-8C10-4BB7-AD56-5FABF84BDB84} = {A850A139-9651-4249-AF33-975C3B23D915}
		{88C9FEFE-952B-449C-BE1F-8C0957997285} = {A850A139-9651-4249-AF33-975C3B23D915}
		{EA2C6E4E-CA6E-458C-BA59-311D5B791DAB} = {A850A139-9651-4249-AF33-975C3B23D915}
		{86B8FBDC-48BB-423A-9173-64475BC3312F} = {A850A139-9651-4249-AF33-975C3B23D915}
		{C1163FF3-433E-4C3D-BC13-A7C6CD4BCBCC} = {A850A139-9651-4249-AF33-975C3B23D915}
		{595D351B-4D6A-40B3-B3AA-D028031CEA8E} = {A850A139-9651-4249-AF33-975C3B23D915}
		{AAF521E6-A8D5-4AF4-9974-322EA837E54D} = {7DCE8751-8E7A-4726-9A42-303C80B78549}
		{5872647C-B85A-4D69-9AE1-9E1D940BAA90} = {7DCE8751-8E7A-4726-9A42-303C80B78549}
		{1FD74984-11FE-4D87-94DE-E5095B8739D3} = {7DCE8751-8E7A-4726-9A42-303C80B78549}
		{0D8B9FEC-7071-4D41-B931-CC6C82F728DF} = {7DCE8751-8E7A-4726-9A42-303C80B78549}
		{DE36E355-EA74-4D3A-8337-908BB34CF440} = {A850A139-9651-4249-AF33-975C3B23D915}
		{50F7E21C-63D7-4058-A857-F561A5938731} = {A850A139-9651-4249-AF33-975C3B23D915}
		{BEF50DBF-4BBE-4E9D-804D-F22345FB4F50} = {A850A139-9651-4249-AF33-975C3B23D915}
		{F63E0A98-53AE-44D0-BDDE-D6804CE537C3} = {A850A139-9651-4249-AF33-975C3B23D915}
		{ED0F32AD-1B85-4FCA-BE0B-B8EC3636CD5B} = {A850A139-9651-4249-AF33-975C3B23D915}
		{C8770EBF-82BB-473D-B8D7-8EEDCB4E4A5E} = {A850A139-9651-4249-AF33-975C3B23D915}
		{9D006A71-00C1-41FA-9C56-2C214EE94253} = {A850A139-9651-4249-AF33-975C3B23D915}
		{2B44555B-14D9-4915-921C-2A64275563C4} = {A850A139-9651-4249-AF33-975C3B23D915}
		{E4C58DA2-EEF1-46C1-A8AF-8C450D7FB5D3} = {A850A139-9651-4249-AF33-975C3B23D915}
		{37BFD81B-8667-4373-9F99-CA27CFE5779D} = {A850A139-9651-4249-AF33-975C3B23D915}
		{B0018C6D-79FF-4F17-B242-147DC89951CF} = {A850A139-9651-4249-AF33-975C3B23D915}
		{E551F25A-1C5A-49FE-A138-D20CFDD2362E} = {A850A139-9651-4249-AF33-975C3B23D915}
		{CF508964-4619-4ABB-AFF8-4BA2F44B85BF} = {A850A139-9651-4249-AF33-975C3B23D915}
		{6C808712-BEA1-47FD-99EC-3E2AB6A624AF} = {A850A139-9651-4249-AF33-975C3B23D915}
		{879B3204-BD72-4BE1-A01A-7FC17D16F59F} = {A850A139-9651-4249-AF33-975C3B23D915}
		{5442C236-3AE2-426B-B94D-4F9F767CBCD2} = {A850A139-9651-4249-AF33-975C3B23D915}
		{1FA9719C-D121-4A50-93F4-E69C497C4D50} = {A850A139-9651-4249-AF33-975C3B23D915}
		{C6C17720-27C8-4AC6-8DA8-A064CD9EC0E4} = {A850A139-9651-4249-AF33-975C3B23D915}
		{94405A60-0691-480E-B493-F13F0D16E01C} = {A850A139-9651-4249-AF33-975C3B23D915}
		{086F33EA-A60A-4838-BC8A-0C90F937FCFC} = {A850A139-9651-4249-AF33-975C3B23D915}
		{F81B8A78-9710-4E1B-B283-4C4C5C076BCB} = {A850A139-9651-4249-AF33-975C3B23D915}
		{2297ADF9-2DA7-420B-972B-4C19B9514216} = {A850A139-9651-4249-AF33-975C3B23D915}
		{15DDFCFF-CD54-40CD-9525-E88E64BF5C4A} = {A850A139-9651-4249-AF33-975C3B23D915}
		{8ED9A8C2-E4A6-4B59-9474-CDD204061642} = {A850A139-9651-4249-AF33-975C3B23D915}
		{50CCA0DA-02C4-4E48-93EA-9F027CC06EE0} = {A850A139-9651-4249-AF33-975C3B23D915}
		{56403931-8229-4431-94DD-6A9885808E69} = {A850A139-9651-4249-AF33-975C3B23D915}
		{D33E9AB3-FCF0-48D6-A001-4220C1121AB4} = {A850A139-9651-4249-AF33-975C3B23D915}
		{C1418029-5A02-404C-AB28-C9036E47E205} = {A850A139-9651-4249-AF33-975C3B23D915}
		{B47FE300-7C51-40CF-823A-C3141B4569AF} = {A850A139-9651-4249-AF33-975C3B23D915}
		{1C43A39C-C409-45DC-8438-7AD3BE126BC2} = {A850A139-9651-4249-AF33-975C3B23D915}
		{1CC0B15C-C32B-4160-B6B2-3AC4ABB43DB9} = {A850A139-9651-4249-AF33-975C3B23D915}
		{94452ACE-1C21-4861-9D7F-C8461CD6FD81} = {A850A139-9651-4249-AF33-975C3B23D915}
		{1A889023-02E2-440F-A20D-53A6990BF4B8} = {A850A139-9651-4249-AF33-975C3B23D915}
		{A03294E2-1E86-4B2B-B092-7D92C1BBB252} = {A850A139-9651-4249-AF33-975C3B23D915}
		{F6E6AE0D-30C1-4E7E-8615-1237D11594C4} = {A850A139-9651-4249-AF33-975C3B23D915}
		{609B7075-2853-476E-80F1-5CD6ADF092BC} = {A850A139-9651-4249-AF33-975C3B23D915}
		{17AFA77E-1E81-4043-9079-D7250D2B4743} = {A850A139-9651-4249-AF33-975C3B23D915}
		{6A189445-F583-4369-9FB1-5434A15A17EF} = {A850A139-9651-4249-AF33-975C3B23D915}
		{C861F212-0D14-4985-B6B2-A45E90A59BB5} = {A850A139-9651-4249-AF33-975C3B23D915}
		{A1A54871-EDF0-41F9-A15E-5BFC3CCE4ACC} = {A850A139-9651-4249-AF33-975C3B23D915}
		{EE79572C-24D0-4235-93D8-BB9EB2C8E642} = {A850A139-9651-4249-AF33-975C3B23D915}
		{E102BEE5-C7F4-4084-AE4C-D7F61C75BD06} = {A850A139-9651-4249-AF33-975C3B23D915}
		{889679D9-8A79-4592-9542-4805D9398CB6} = {A850A139-9651-4249-AF33-975C3B23D915}
		{0EAE0658-D5E6-4215-89FA-88E8331C0BBC} = {A850A139-9651-4249-AF33-975C3B23D915}
		{DA940850-AD2C-4980-91E8-BBEF99B4647E} = {A850A139-9651-4249-AF33-975C3B23D915}
		{14FB0E72-5A5C-4645-A4EC-F589EF13CD61} = {A850A139-9651-4249-AF33-975C3B23D915}
		{A48465F8-82AD-4EED-B107-15263C4FF2AE} = {A850A139-9651-4249-AF33-975C3B23D915}
		{23842F5C-B3E1-4F11-8DD0-DC592EDE3C0D} = {A850A139-9651-4249-AF33-975C3B23D915}
		{05CF8DA2-F502-4B07-AE29-351E450B6852} = {A850A139-9651-4249-AF33-975C3B23D915}
		{C5C4C84F-E05F-4E5F-9A07-B80093E62915} = {A850A139-9651-4249-AF33-975C3B23D915}
		{47A4A244-6BD7-4FE9-95E0-2623AC65B5E5} = {A850A139-9651-4249-AF33-975C3B23D915}
		{C6BC0388-B770-4455-910D-4BAB6FBB2CCA} = {A850A139-9651-4249-AF33-975C3B23D915}
		{7580008A-ACE4-4019-82C8-493B556300E5} = {A850A139-9651-4249-AF33-975C3B23D915}
	EndGlobalSection
	GlobalSection(ExtensibilityGlobals) = postSolution
		SolutionGuid = {F369E5DA-EE44-438C-BA83-429788C9A088}
	EndGlobalSection
EndGlobal
