
Microsoft Visual Studio Solution File, Format Version 12.00
# Visual Studio Version 17
VisualStudioVersion = 17.4.33403.182
MinimumVisualStudioVersion = 10.0.40219.1
Project("{9A19103F-16F7-4668-BE54-9A1E7A4F7556}") = "Simple multiplication", "CodeWars-CSharp\Simple multiplication.csproj", "{0CD188ED-D5C5-4F1E-B5AF-3996366FEA74}"
EndProject
Project("{9A19103F-16F7-4668-BE54-9A1E7A4F7556}") = "Determine offspring sex based on genes XX and XY chromosomes", "Determine offspring sex based on genes XX and XY chromosomes\Determine offspring sex based on genes XX and XY chromosomes.csproj", "{C85E9659-58F7-438D-B2F1-4B60976AD6FF}"
EndProject
Project("{9A19103F-16F7-4668-BE54-9A1E7A4F7556}") = "Find Nearest square number", "Find Nearest square number\Find Nearest square number.csproj", "{7D8213A1-CC39-4B56-85DF-4E615CB507C3}"
EndProject
Project("{9A19103F-16F7-4668-BE54-9A1E7A4F7556}") = "Remove String Spaces", "Remove String Spaces\Remove String Spaces.csproj", "{65654CF5-50AF-4176-B07A-3365922E551F}"
EndProject
Project("{2150E333-8FDC-42A3-9474-1A3956D46DE8}") = "8KYU", "8KYU", "{A850A139-9651-4249-AF33-975C3B23D915}"
EndProject
Project("{9A19103F-16F7-4668-BE54-9A1E7A4F7556}") = "String repeat", "String repeat\String repeat.csproj", "{E2725018-BE1C-4CB6-9142-122B06A98C7D}"
EndProject
Project("{9A19103F-16F7-4668-BE54-9A1E7A4F7556}") = "Counting sheep", "Counting sheep\Counting sheep.csproj", "{3C340192-1F01-43C0-B968-B6C8A81A2191}"
EndProject
Project("{9A19103F-16F7-4668-BE54-9A1E7A4F7556}") = "All Star #18", "All Star #18\All Star #18.csproj", "{92EF36E8-FA3C-48DD-B448-058BBF941696}"
EndProject
Project("{9A19103F-16F7-4668-BE54-9A1E7A4F7556}") = "Exclusive Logical Operator", "Exclusive Logical Operator\Exclusive Logical Operator.csproj", "{80B0E5E4-49C5-4B25-8072-286C1FC5E1D0}"
EndProject
Project("{9A19103F-16F7-4668-BE54-9A1E7A4F7556}") = "Square(n) Sum", "Square(n) Sum\Square(n) Sum.csproj", "{E1BD0339-0085-4FAC-B667-4FF8BCC0C6E9}"
EndProject
Project("{9A19103F-16F7-4668-BE54-9A1E7A4F7556}") = "Century From Year", "Century From Year\Century From Year.csproj", "{F3B49FAF-A31F-4EAD-BB8F-B1760A65DB3C}"
EndProject
Project("{9A19103F-16F7-4668-BE54-9A1E7A4F7556}") = "Is n divisible by x and y", "Is n divisible by x and y\Is n divisible by x and y.csproj", "{988CFFEB-1223-4B26-B657-0B85D93BFF16}"
EndProject
Project("{9A19103F-16F7-4668-BE54-9A1E7A4F7556}") = "Reversed Strings", "Reversed Strings\Reversed Strings.csproj", "{03552D88-A458-4EE2-A907-E1D72CB87EE9}"
EndProject
Project("{9A19103F-16F7-4668-BE54-9A1E7A4F7556}") = "Convert a Boolean to a String", "Convert a Boolean to a String\Convert a Boolean to a String.csproj", "{C7B8B5FE-134B-49E9-A3C9-6E6FACD39473}"
EndProject
Project("{9A19103F-16F7-4668-BE54-9A1E7A4F7556}") = "Reversed Words", "Reversed Words\Reversed Words.csproj", "{D21DD7BE-2EFF-46D8-A48B-5616712A8C79}"
EndProject
Project("{9A19103F-16F7-4668-BE54-9A1E7A4F7556}") = "Add Length", "Add Length\Add Length.csproj", "{55E114DC-769B-4BFD-8C2D-96408394957C}"
EndProject
Project("{2150E333-8FDC-42A3-9474-1A3956D46DE8}") = "7KYU", "7KYU", "{7DCE8751-8E7A-4726-9A42-303C80B78549}"
EndProject
Project("{9A19103F-16F7-4668-BE54-9A1E7A4F7556}") = "Sort Numbers", "Sort Numbers\Sort Numbers.csproj", "{40C6A7E0-D508-411D-9B2F-DBED0B8AEB34}"
EndProject
Project("{9A19103F-16F7-4668-BE54-9A1E7A4F7556}") = "Cat Dog years", "Cat Dog years\Cat Dog years.csproj", "{E3C32589-595C-477C-922C-AC1A903668F6}"
EndProject
Project("{9A19103F-16F7-4668-BE54-9A1E7A4F7556}") = "Third Angle of a Triangle", "Third Angle of a Triangle\Third Angle of a Triangle.csproj", "{AE8D02C9-5C31-4A50-A1C3-EFAB77462913}"
EndProject
Project("{9A19103F-16F7-4668-BE54-9A1E7A4F7556}") = "Keep Hydrated!", "Keep Hydrated!\Keep Hydrated!.csproj", "{3F0C52B2-FC3A-48C0-8AC0-70F57026A37A}"
EndProject
Project("{9A19103F-16F7-4668-BE54-9A1E7A4F7556}") = "Sum without highest and lowest number", "Sum without highest and lowest number\Sum without highest and lowest number.csproj", "{4B1E4589-82A3-4507-892D-DBCAB86993C6}"
EndProject
Project("{9A19103F-16F7-4668-BE54-9A1E7A4F7556}") = "Convert a String to a Number", "Convert a String to a Number\Convert a String to a Number.csproj", "{677F9A46-9B7E-48D5-B2E6-B37A1C33E4C7}"
EndProject
Project("{9A19103F-16F7-4668-BE54-9A1E7A4F7556}") = "Powers of 2", "Powers of 2\Powers of 2.csproj", "{84CF7003-39E3-40CD-A448-313176F37DB5}"
EndProject
Project("{FAE04EC0-301F-11D3-BF4B-00C04F79EFBC}") = "Unfinished Loop", "Unfinished Loop\Unfinished Loop.csproj", "{CF26568C-08B4-4185-8A37-4C519458AD8C}"
EndProject
Global
	GlobalSection(SolutionConfigurationPlatforms) = preSolution
		Debug|Any CPU = Debug|Any CPU
		Release|Any CPU = Release|Any CPU
	EndGlobalSection
	GlobalSection(ProjectConfigurationPlatforms) = postSolution
		{0CD188ED-D5C5-4F1E-B5AF-3996366FEA74}.Debug|Any CPU.ActiveCfg = Debug|Any CPU
		{0CD188ED-D5C5-4F1E-B5AF-3996366FEA74}.Debug|Any CPU.Build.0 = Debug|Any CPU
		{0CD188ED-D5C5-4F1E-B5AF-3996366FEA74}.Release|Any CPU.ActiveCfg = Release|Any CPU
		{0CD188ED-D5C5-4F1E-B5AF-3996366FEA74}.Release|Any CPU.Build.0 = Release|Any CPU
		{C85E9659-58F7-438D-B2F1-4B60976AD6FF}.Debug|Any CPU.ActiveCfg = Debug|Any CPU
		{C85E9659-58F7-438D-B2F1-4B60976AD6FF}.Debug|Any CPU.Build.0 = Debug|Any CPU
		{C85E9659-58F7-438D-B2F1-4B60976AD6FF}.Release|Any CPU.ActiveCfg = Release|Any CPU
		{C85E9659-58F7-438D-B2F1-4B60976AD6FF}.Release|Any CPU.Build.0 = Release|Any CPU
		{7D8213A1-CC39-4B56-85DF-4E615CB507C3}.Debug|Any CPU.ActiveCfg = Debug|Any CPU
		{7D8213A1-CC39-4B56-85DF-4E615CB507C3}.Debug|Any CPU.Build.0 = Debug|Any CPU
		{7D8213A1-CC39-4B56-85DF-4E615CB507C3}.Release|Any CPU.ActiveCfg = Release|Any CPU
		{7D8213A1-CC39-4B56-85DF-4E615CB507C3}.Release|Any CPU.Build.0 = Release|Any CPU
		{65654CF5-50AF-4176-B07A-3365922E551F}.Debug|Any CPU.ActiveCfg = Debug|Any CPU
		{65654CF5-50AF-4176-B07A-3365922E551F}.Debug|Any CPU.Build.0 = Debug|Any CPU
		{65654CF5-50AF-4176-B07A-3365922E551F}.Release|Any CPU.ActiveCfg = Release|Any CPU
		{65654CF5-50AF-4176-B07A-3365922E551F}.Release|Any CPU.Build.0 = Release|Any CPU
		{E2725018-BE1C-4CB6-9142-122B06A98C7D}.Debug|Any CPU.ActiveCfg = Debug|Any CPU
		{E2725018-BE1C-4CB6-9142-122B06A98C7D}.Debug|Any CPU.Build.0 = Debug|Any CPU
		{E2725018-BE1C-4CB6-9142-122B06A98C7D}.Release|Any CPU.ActiveCfg = Release|Any CPU
		{E2725018-BE1C-4CB6-9142-122B06A98C7D}.Release|Any CPU.Build.0 = Release|Any CPU
		{3C340192-1F01-43C0-B968-B6C8A81A2191}.Debug|Any CPU.ActiveCfg = Debug|Any CPU
		{3C340192-1F01-43C0-B968-B6C8A81A2191}.Debug|Any CPU.Build.0 = Debug|Any CPU
		{3C340192-1F01-43C0-B968-B6C8A81A2191}.Release|Any CPU.ActiveCfg = Release|Any CPU
		{3C340192-1F01-43C0-B968-B6C8A81A2191}.Release|Any CPU.Build.0 = Release|Any CPU
		{92EF36E8-FA3C-48DD-B448-058BBF941696}.Debug|Any CPU.ActiveCfg = Debug|Any CPU
		{92EF36E8-FA3C-48DD-B448-058BBF941696}.Debug|Any CPU.Build.0 = Debug|Any CPU
		{92EF36E8-FA3C-48DD-B448-058BBF941696}.Release|Any CPU.ActiveCfg = Release|Any CPU
		{92EF36E8-FA3C-48DD-B448-058BBF941696}.Release|Any CPU.Build.0 = Release|Any CPU
		{80B0E5E4-49C5-4B25-8072-286C1FC5E1D0}.Debug|Any CPU.ActiveCfg = Debug|Any CPU
		{80B0E5E4-49C5-4B25-8072-286C1FC5E1D0}.Debug|Any CPU.Build.0 = Debug|Any CPU
		{80B0E5E4-49C5-4B25-8072-286C1FC5E1D0}.Release|Any CPU.ActiveCfg = Release|Any CPU
		{80B0E5E4-49C5-4B25-8072-286C1FC5E1D0}.Release|Any CPU.Build.0 = Release|Any CPU
		{E1BD0339-0085-4FAC-B667-4FF8BCC0C6E9}.Debug|Any CPU.ActiveCfg = Debug|Any CPU
		{E1BD0339-0085-4FAC-B667-4FF8BCC0C6E9}.Debug|Any CPU.Build.0 = Debug|Any CPU
		{E1BD0339-0085-4FAC-B667-4FF8BCC0C6E9}.Release|Any CPU.ActiveCfg = Release|Any CPU
		{E1BD0339-0085-4FAC-B667-4FF8BCC0C6E9}.Release|Any CPU.Build.0 = Release|Any CPU
		{F3B49FAF-A31F-4EAD-BB8F-B1760A65DB3C}.Debug|Any CPU.ActiveCfg = Debug|Any CPU
		{F3B49FAF-A31F-4EAD-BB8F-B1760A65DB3C}.Debug|Any CPU.Build.0 = Debug|Any CPU
		{F3B49FAF-A31F-4EAD-BB8F-B1760A65DB3C}.Release|Any CPU.ActiveCfg = Release|Any CPU
		{F3B49FAF-A31F-4EAD-BB8F-B1760A65DB3C}.Release|Any CPU.Build.0 = Release|Any CPU
		{988CFFEB-1223-4B26-B657-0B85D93BFF16}.Debug|Any CPU.ActiveCfg = Debug|Any CPU
		{988CFFEB-1223-4B26-B657-0B85D93BFF16}.Debug|Any CPU.Build.0 = Debug|Any CPU
		{988CFFEB-1223-4B26-B657-0B85D93BFF16}.Release|Any CPU.ActiveCfg = Release|Any CPU
		{988CFFEB-1223-4B26-B657-0B85D93BFF16}.Release|Any CPU.Build.0 = Release|Any CPU
		{03552D88-A458-4EE2-A907-E1D72CB87EE9}.Debug|Any CPU.ActiveCfg = Debug|Any CPU
		{03552D88-A458-4EE2-A907-E1D72CB87EE9}.Debug|Any CPU.Build.0 = Debug|Any CPU
		{03552D88-A458-4EE2-A907-E1D72CB87EE9}.Release|Any CPU.ActiveCfg = Release|Any CPU
		{03552D88-A458-4EE2-A907-E1D72CB87EE9}.Release|Any CPU.Build.0 = Release|Any CPU
		{C7B8B5FE-134B-49E9-A3C9-6E6FACD39473}.Debug|Any CPU.ActiveCfg = Debug|Any CPU
		{C7B8B5FE-134B-49E9-A3C9-6E6FACD39473}.Debug|Any CPU.Build.0 = Debug|Any CPU
		{C7B8B5FE-134B-49E9-A3C9-6E6FACD39473}.Release|Any CPU.ActiveCfg = Release|Any CPU
		{C7B8B5FE-134B-49E9-A3C9-6E6FACD39473}.Release|Any CPU.Build.0 = Release|Any CPU
		{D21DD7BE-2EFF-46D8-A48B-5616712A8C79}.Debug|Any CPU.ActiveCfg = Debug|Any CPU
		{D21DD7BE-2EFF-46D8-A48B-5616712A8C79}.Debug|Any CPU.Build.0 = Debug|Any CPU
		{D21DD7BE-2EFF-46D8-A48B-5616712A8C79}.Release|Any CPU.ActiveCfg = Release|Any CPU
		{D21DD7BE-2EFF-46D8-A48B-5616712A8C79}.Release|Any CPU.Build.0 = Release|Any CPU
		{55E114DC-769B-4BFD-8C2D-96408394957C}.Debug|Any CPU.ActiveCfg = Debug|Any CPU
		{55E114DC-769B-4BFD-8C2D-96408394957C}.Debug|Any CPU.Build.0 = Debug|Any CPU
		{55E114DC-769B-4BFD-8C2D-96408394957C}.Release|Any CPU.ActiveCfg = Release|Any CPU
		{55E114DC-769B-4BFD-8C2D-96408394957C}.Release|Any CPU.Build.0 = Release|Any CPU
		{40C6A7E0-D508-411D-9B2F-DBED0B8AEB34}.Debug|Any CPU.ActiveCfg = Debug|Any CPU
		{40C6A7E0-D508-411D-9B2F-DBED0B8AEB34}.Debug|Any CPU.Build.0 = Debug|Any CPU
		{40C6A7E0-D508-411D-9B2F-DBED0B8AEB34}.Release|Any CPU.ActiveCfg = Release|Any CPU
		{40C6A7E0-D508-411D-9B2F-DBED0B8AEB34}.Release|Any CPU.Build.0 = Release|Any CPU
		{E3C32589-595C-477C-922C-AC1A903668F6}.Debug|Any CPU.ActiveCfg = Debug|Any CPU
		{E3C32589-595C-477C-922C-AC1A903668F6}.Debug|Any CPU.Build.0 = Debug|Any CPU
		{E3C32589-595C-477C-922C-AC1A903668F6}.Release|Any CPU.ActiveCfg = Release|Any CPU
		{E3C32589-595C-477C-922C-AC1A903668F6}.Release|Any CPU.Build.0 = Release|Any CPU
		{AE8D02C9-5C31-4A50-A1C3-EFAB77462913}.Debug|Any CPU.ActiveCfg = Debug|Any CPU
		{AE8D02C9-5C31-4A50-A1C3-EFAB77462913}.Debug|Any CPU.Build.0 = Debug|Any CPU
		{AE8D02C9-5C31-4A50-A1C3-EFAB77462913}.Release|Any CPU.ActiveCfg = Release|Any CPU
		{AE8D02C9-5C31-4A50-A1C3-EFAB77462913}.Release|Any CPU.Build.0 = Release|Any CPU
		{3F0C52B2-FC3A-48C0-8AC0-70F57026A37A}.Debug|Any CPU.ActiveCfg = Debug|Any CPU
		{3F0C52B2-FC3A-48C0-8AC0-70F57026A37A}.Debug|Any CPU.Build.0 = Debug|Any CPU
		{3F0C52B2-FC3A-48C0-8AC0-70F57026A37A}.Release|Any CPU.ActiveCfg = Release|Any CPU
		{3F0C52B2-FC3A-48C0-8AC0-70F57026A37A}.Release|Any CPU.Build.0 = Release|Any CPU
		{4B1E4589-82A3-4507-892D-DBCAB86993C6}.Debug|Any CPU.ActiveCfg = Debug|Any CPU
		{4B1E4589-82A3-4507-892D-DBCAB86993C6}.Debug|Any CPU.Build.0 = Debug|Any CPU
		{4B1E4589-82A3-4507-892D-DBCAB86993C6}.Release|Any CPU.ActiveCfg = Release|Any CPU
		{4B1E4589-82A3-4507-892D-DBCAB86993C6}.Release|Any CPU.Build.0 = Release|Any CPU
		{677F9A46-9B7E-48D5-B2E6-B37A1C33E4C7}.Debug|Any CPU.ActiveCfg = Debug|Any CPU
		{677F9A46-9B7E-48D5-B2E6-B37A1C33E4C7}.Debug|Any CPU.Build.0 = Debug|Any CPU
		{677F9A46-9B7E-48D5-B2E6-B37A1C33E4C7}.Release|Any CPU.ActiveCfg = Release|Any CPU
		{677F9A46-9B7E-48D5-B2E6-B37A1C33E4C7}.Release|Any CPU.Build.0 = Release|Any CPU
		{84CF7003-39E3-40CD-A448-313176F37DB5}.Debug|Any CPU.ActiveCfg = Debug|Any CPU
		{84CF7003-39E3-40CD-A448-313176F37DB5}.Debug|Any CPU.Build.0 = Debug|Any CPU
		{84CF7003-39E3-40CD-A448-313176F37DB5}.Release|Any CPU.ActiveCfg = Release|Any CPU
		{84CF7003-39E3-40CD-A448-313176F37DB5}.Release|Any CPU.Build.0 = Release|Any CPU
		{CF26568C-08B4-4185-8A37-4C519458AD8C}.Debug|Any CPU.ActiveCfg = Debug|Any CPU
		{CF26568C-08B4-4185-8A37-4C519458AD8C}.Debug|Any CPU.Build.0 = Debug|Any CPU
		{CF26568C-08B4-4185-8A37-4C519458AD8C}.Release|Any CPU.ActiveCfg = Release|Any CPU
		{CF26568C-08B4-4185-8A37-4C519458AD8C}.Release|Any CPU.Build.0 = Release|Any CPU
	EndGlobalSection
	GlobalSection(SolutionProperties) = preSolution
		HideSolutionNode = FALSE
	EndGlobalSection
	GlobalSection(NestedProjects) = preSolution
		{0CD188ED-D5C5-4F1E-B5AF-3996366FEA74} = {A850A139-9651-4249-AF33-975C3B23D915}
		{C85E9659-58F7-438D-B2F1-4B60976AD6FF} = {A850A139-9651-4249-AF33-975C3B23D915}
		{7D8213A1-CC39-4B56-85DF-4E615CB507C3} = {A850A139-9651-4249-AF33-975C3B23D915}
		{65654CF5-50AF-4176-B07A-3365922E551F} = {A850A139-9651-4249-AF33-975C3B23D915}
		{E2725018-BE1C-4CB6-9142-122B06A98C7D} = {A850A139-9651-4249-AF33-975C3B23D915}
		{3C340192-1F01-43C0-B968-B6C8A81A2191} = {A850A139-9651-4249-AF33-975C3B23D915}
		{92EF36E8-FA3C-48DD-B448-058BBF941696} = {A850A139-9651-4249-AF33-975C3B23D915}
		{80B0E5E4-49C5-4B25-8072-286C1FC5E1D0} = {A850A139-9651-4249-AF33-975C3B23D915}
		{E1BD0339-0085-4FAC-B667-4FF8BCC0C6E9} = {A850A139-9651-4249-AF33-975C3B23D915}
		{F3B49FAF-A31F-4EAD-BB8F-B1760A65DB3C} = {A850A139-9651-4249-AF33-975C3B23D915}
		{988CFFEB-1223-4B26-B657-0B85D93BFF16} = {A850A139-9651-4249-AF33-975C3B23D915}
		{03552D88-A458-4EE2-A907-E1D72CB87EE9} = {A850A139-9651-4249-AF33-975C3B23D915}
		{C7B8B5FE-134B-49E9-A3C9-6E6FACD39473} = {A850A139-9651-4249-AF33-975C3B23D915}
		{D21DD7BE-2EFF-46D8-A48B-5616712A8C79} = {A850A139-9651-4249-AF33-975C3B23D915}
		{55E114DC-769B-4BFD-8C2D-96408394957C} = {A850A139-9651-4249-AF33-975C3B23D915}
		{40C6A7E0-D508-411D-9B2F-DBED0B8AEB34} = {7DCE8751-8E7A-4726-9A42-303C80B78549}
		{E3C32589-595C-477C-922C-AC1A903668F6} = {A850A139-9651-4249-AF33-975C3B23D915}
		{AE8D02C9-5C31-4A50-A1C3-EFAB77462913} = {A850A139-9651-4249-AF33-975C3B23D915}
		{3F0C52B2-FC3A-48C0-8AC0-70F57026A37A} = {A850A139-9651-4249-AF33-975C3B23D915}
		{4B1E4589-82A3-4507-892D-DBCAB86993C6} = {A850A139-9651-4249-AF33-975C3B23D915}
		{677F9A46-9B7E-48D5-B2E6-B37A1C33E4C7} = {A850A139-9651-4249-AF33-975C3B23D915}
		{84CF7003-39E3-40CD-A448-313176F37DB5} = {A850A139-9651-4249-AF33-975C3B23D915}
		{CF26568C-08B4-4185-8A37-4C519458AD8C} = {A850A139-9651-4249-AF33-975C3B23D915}
	EndGlobalSection
	GlobalSection(ExtensibilityGlobals) = postSolution
		SolutionGuid = {F369E5DA-EE44-438C-BA83-429788C9A088}
	EndGlobalSection
EndGlobal
